// !$*UTF8*$!
{
	archiveVersion = 1;
	classes = {
	};
	objectVersion = 50;
	objects = {

/* Begin PBXBuildFile section */
		3400A23722D543AD00B3EA3A /* ActivitySelection.swift in Sources */ = {isa = PBXBuildFile; fileRef = 3400A23622D543AC00B3EA3A /* ActivitySelection.swift */; };
		3446B59522B8201600C785BE /* Formatters.swift in Sources */ = {isa = PBXBuildFile; fileRef = 3446B59422B8201600C785BE /* Formatters.swift */; };
		34DC042522B2DA36001C70DB /* CanvasView.swift in Sources */ = {isa = PBXBuildFile; fileRef = 34DC042322B2DA35001C70DB /* CanvasView.swift */; };
		34DC042622B2DA36001C70DB /* ReticleView.swift in Sources */ = {isa = PBXBuildFile; fileRef = 34DC042422B2DA36001C70DB /* ReticleView.swift */; };
		A004383822CBEEE700E32F21 /* ChapterSelection.swift in Sources */ = {isa = PBXBuildFile; fileRef = A004383722CBEEE700E32F21 /* ChapterSelection.swift */; };
		A00678EC22AEEB5B00846A2D /* line.swift in Sources */ = {isa = PBXBuildFile; fileRef = A00678EB22AEEB5B00846A2D /* line.swift */; };
		A00E7B5A22CA8D25009BA733 /* UIViewExtension.swift in Sources */ = {isa = PBXBuildFile; fileRef = A00E7B5922CA8D25009BA733 /* UIViewExtension.swift */; };
		A02AB3372476ED5500AEC16A /* AppIcon.appiconset in Resources */ = {isa = PBXBuildFile; fileRef = A02AB3362476ED5500AEC16A /* AppIcon.appiconset */; };
		A02BCC3B22A86EA70059E3D8 /* activityViewController.swift in Sources */ = {isa = PBXBuildFile; fileRef = A02BCC3A22A86EA70059E3D8 /* activityViewController.swift */; };
		A044CA61249AB9D300F79181 /* LetterMatchingViewController.swift in Sources */ = {isa = PBXBuildFile; fileRef = A044CA60249AB9D300F79181 /* LetterMatchingViewController.swift */; };
		A051592623957A070026485B /* LaunchScreen.storyboard in Resources */ = {isa = PBXBuildFile; fileRef = A0A028C7227CA9F600A7C787 /* LaunchScreen.storyboard */; };
		A07974B12285FC4A00606889 /* StudentsTableViewCell.swift in Sources */ = {isa = PBXBuildFile; fileRef = A07974B02285FC4A00606889 /* StudentsTableViewCell.swift */; };
		A07974B322861DB000606889 /* StudentTableViewController.swift in Sources */ = {isa = PBXBuildFile; fileRef = A07974B222861DB000606889 /* StudentTableViewController.swift */; };
		A08A2D3F22BEA2C60076B814 /* LaunchScreen.storyboard in Resources */ = {isa = PBXBuildFile; fileRef = A08A2D3E22BEA2C50076B814 /* LaunchScreen.storyboard */; };
		A08A2D4122BEC4990076B814 /* Swift_Gif.swift in Sources */ = {isa = PBXBuildFile; fileRef = A08A2D4022BEC4990076B814 /* Swift_Gif.swift */; };
		A08A2D4522BED3A40076B814 /* ChapterViewController.swift in Sources */ = {isa = PBXBuildFile; fileRef = A08A2D4422BED3A40076B814 /* ChapterViewController.swift */; };
		A08A2D4922BEDEA20076B814 /* BookAnimation.gif in Resources */ = {isa = PBXBuildFile; fileRef = A08A2D4822BEDEA20076B814 /* BookAnimation.gif */; };
		A08A2D5422C02AA40076B814 /* Grass-Blowing.gif in Resources */ = {isa = PBXBuildFile; fileRef = A08A2D5222C02AA30076B814 /* Grass-Blowing.gif */; };
		A08A2D5522C02AA40076B814 /* Anthony-Chillaxing.gif in Resources */ = {isa = PBXBuildFile; fileRef = A08A2D5322C02AA40076B814 /* Anthony-Chillaxing.gif */; };
		A0A028BC227CA9F500A7C787 /* AppDelegate.swift in Sources */ = {isa = PBXBuildFile; fileRef = A0A028BB227CA9F500A7C787 /* AppDelegate.swift */; };
		A0A028BE227CA9F500A7C787 /* art.scnassets in Resources */ = {isa = PBXBuildFile; fileRef = A0A028BD227CA9F500A7C787 /* art.scnassets */; };
		A0A028C0227CA9F500A7C787 /* ViewController.swift in Sources */ = {isa = PBXBuildFile; fileRef = A0A028BF227CA9F500A7C787 /* ViewController.swift */; };
		A0A028C3227CA9F500A7C787 /* Main.storyboard in Resources */ = {isa = PBXBuildFile; fileRef = A0A028C1227CA9F500A7C787 /* Main.storyboard */; };
		A0A028C5227CA9F600A7C787 /* Assets.xcassets in Resources */ = {isa = PBXBuildFile; fileRef = A0A028C4227CA9F600A7C787 /* Assets.xcassets */; };
		A0E86BE222C08F150009A214 /* Loading.gif in Resources */ = {isa = PBXBuildFile; fileRef = A0E86BE122C08F150009A214 /* Loading.gif */; };
		A0E9B7B623EBA70200929F4A /* PlayWalk.swift in Sources */ = {isa = PBXBuildFile; fileRef = A0E9B7B523EBA70200929F4A /* PlayWalk.swift */; };
		A0E9B7B823EBAAA600929F4A /* StopWalk.swift in Sources */ = {isa = PBXBuildFile; fileRef = A0E9B7B723EBAAA600929F4A /* StopWalk.swift */; };
		A0E9B7BA23EBAAE500929F4A /* LetterComplete.swift in Sources */ = {isa = PBXBuildFile; fileRef = A0E9B7B923EBAAE500929F4A /* LetterComplete.swift */; };
		C939B55E229F302500D15A2B /* SignInViewController.swift in Sources */ = {isa = PBXBuildFile; fileRef = C939B55D229F302500D15A2B /* SignInViewController.swift */; };
		C939B560229F305900D15A2B /* RegisterViewController.swift in Sources */ = {isa = PBXBuildFile; fileRef = C939B55F229F305900D15A2B /* RegisterViewController.swift */; };
		C99A9BE122A058A700554D9A /* HomeViewController.swift in Sources */ = {isa = PBXBuildFile; fileRef = C99A9BE022A058A700554D9A /* HomeViewController.swift */; };
		C99A9BE322A06C0700554D9A /* InitViewController.swift in Sources */ = {isa = PBXBuildFile; fileRef = C99A9BE222A06C0700554D9A /* InitViewController.swift */; };
/* End PBXBuildFile section */

/* Begin PBXFileReference section */
		1A3E28B5AE1CAA606C394F4B /* Pods_Hancock.framework */ = {isa = PBXFileReference; explicitFileType = wrapper.framework; includeInIndex = 0; path = Pods_Hancock.framework; sourceTree = BUILT_PRODUCTS_DIR; };
		3400A23622D543AC00B3EA3A /* ActivitySelection.swift */ = {isa = PBXFileReference; lastKnownFileType = sourcecode.swift; path = ActivitySelection.swift; sourceTree = "<group>"; };
		3446B59422B8201600C785BE /* Formatters.swift */ = {isa = PBXFileReference; fileEncoding = 4; lastKnownFileType = sourcecode.swift; path = Formatters.swift; sourceTree = "<group>"; };
		34DC042322B2DA35001C70DB /* CanvasView.swift */ = {isa = PBXFileReference; fileEncoding = 4; lastKnownFileType = sourcecode.swift; path = CanvasView.swift; sourceTree = "<group>"; };
		34DC042422B2DA36001C70DB /* ReticleView.swift */ = {isa = PBXFileReference; fileEncoding = 4; lastKnownFileType = sourcecode.swift; path = ReticleView.swift; sourceTree = "<group>"; };
		7F29B875A1DB16B48327DFAC /* Pods-Hancock.release.xcconfig */ = {isa = PBXFileReference; includeInIndex = 1; lastKnownFileType = text.xcconfig; name = "Pods-Hancock.release.xcconfig"; path = "Target Support Files/Pods-Hancock/Pods-Hancock.release.xcconfig"; sourceTree = "<group>"; };
		A004383722CBEEE700E32F21 /* ChapterSelection.swift */ = {isa = PBXFileReference; lastKnownFileType = sourcecode.swift; path = ChapterSelection.swift; sourceTree = "<group>"; };
		A00678EB22AEEB5B00846A2D /* line.swift */ = {isa = PBXFileReference; lastKnownFileType = sourcecode.swift; path = line.swift; sourceTree = "<group>"; };
		A00E7B5922CA8D25009BA733 /* UIViewExtension.swift */ = {isa = PBXFileReference; lastKnownFileType = sourcecode.swift; path = UIViewExtension.swift; sourceTree = "<group>"; };
		A02AB3362476ED5500AEC16A /* AppIcon.appiconset */ = {isa = PBXFileReference; lastKnownFileType = folder; path = AppIcon.appiconset; sourceTree = "<group>"; };
		A02BCC3A22A86EA70059E3D8 /* activityViewController.swift */ = {isa = PBXFileReference; lastKnownFileType = sourcecode.swift; path = activityViewController.swift; sourceTree = "<group>"; };
		A044CA60249AB9D300F79181 /* LetterMatchingViewController.swift */ = {isa = PBXFileReference; lastKnownFileType = sourcecode.swift; path = LetterMatchingViewController.swift; sourceTree = "<group>"; };
		A07974B02285FC4A00606889 /* StudentsTableViewCell.swift */ = {isa = PBXFileReference; lastKnownFileType = sourcecode.swift; path = StudentsTableViewCell.swift; sourceTree = "<group>"; };
		A07974B222861DB000606889 /* StudentTableViewController.swift */ = {isa = PBXFileReference; lastKnownFileType = sourcecode.swift; path = StudentTableViewController.swift; sourceTree = "<group>"; };
		A08A2D3E22BEA2C50076B814 /* LaunchScreen.storyboard */ = {isa = PBXFileReference; fileEncoding = 4; lastKnownFileType = file.storyboard; path = LaunchScreen.storyboard; sourceTree = "<group>"; };
		A08A2D4022BEC4990076B814 /* Swift_Gif.swift */ = {isa = PBXFileReference; lastKnownFileType = sourcecode.swift; path = Swift_Gif.swift; sourceTree = "<group>"; };
		A08A2D4422BED3A40076B814 /* ChapterViewController.swift */ = {isa = PBXFileReference; lastKnownFileType = sourcecode.swift; path = ChapterViewController.swift; sourceTree = "<group>"; };
		A08A2D4822BEDEA20076B814 /* BookAnimation.gif */ = {isa = PBXFileReference; lastKnownFileType = image.gif; path = BookAnimation.gif; sourceTree = "<group>"; };
		A08A2D5222C02AA30076B814 /* Grass-Blowing.gif */ = {isa = PBXFileReference; lastKnownFileType = image.gif; path = "Grass-Blowing.gif"; sourceTree = "<group>"; };
		A08A2D5322C02AA40076B814 /* Anthony-Chillaxing.gif */ = {isa = PBXFileReference; lastKnownFileType = image.gif; path = "Anthony-Chillaxing.gif"; sourceTree = "<group>"; };
		A0A028B8227CA9F500A7C787 /* ABC Go AR.app */ = {isa = PBXFileReference; explicitFileType = wrapper.application; includeInIndex = 0; path = "ABC Go AR.app"; sourceTree = BUILT_PRODUCTS_DIR; };
		A0A028BB227CA9F500A7C787 /* AppDelegate.swift */ = {isa = PBXFileReference; lastKnownFileType = sourcecode.swift; path = AppDelegate.swift; sourceTree = "<group>"; };
		A0A028BD227CA9F500A7C787 /* art.scnassets */ = {isa = PBXFileReference; lastKnownFileType = wrapper.scnassets; path = art.scnassets; sourceTree = "<group>"; };
		A0A028BF227CA9F500A7C787 /* ViewController.swift */ = {isa = PBXFileReference; lastKnownFileType = sourcecode.swift; path = ViewController.swift; sourceTree = "<group>"; usesTabs = 0; wrapsLines = 1; };
		A0A028C2227CA9F500A7C787 /* Base */ = {isa = PBXFileReference; lastKnownFileType = file.storyboard; name = Base; path = Base.lproj/Main.storyboard; sourceTree = "<group>"; };
		A0A028C4227CA9F600A7C787 /* Assets.xcassets */ = {isa = PBXFileReference; lastKnownFileType = folder.assetcatalog; path = Assets.xcassets; sourceTree = "<group>"; };
		A0A028C7227CA9F600A7C787 /* LaunchScreen.storyboard */ = {isa = PBXFileReference; lastKnownFileType = text.plist.xml; name = LaunchScreen.storyboard; path = "GoogleService-Info.plist"; sourceTree = "<group>"; };
		A0A028C9227CA9F600A7C787 /* Info.plist */ = {isa = PBXFileReference; lastKnownFileType = text.plist.xml; path = Info.plist; sourceTree = "<group>"; };
		A0E86BE122C08F150009A214 /* Loading.gif */ = {isa = PBXFileReference; lastKnownFileType = image.gif; path = Loading.gif; sourceTree = "<group>"; };
		A0E9B7B523EBA70200929F4A /* PlayWalk.swift */ = {isa = PBXFileReference; lastKnownFileType = sourcecode.swift; path = PlayWalk.swift; sourceTree = "<group>"; };
		A0E9B7B723EBAAA600929F4A /* StopWalk.swift */ = {isa = PBXFileReference; lastKnownFileType = sourcecode.swift; path = StopWalk.swift; sourceTree = "<group>"; };
		A0E9B7B923EBAAE500929F4A /* LetterComplete.swift */ = {isa = PBXFileReference; lastKnownFileType = sourcecode.swift; path = LetterComplete.swift; sourceTree = "<group>"; };
		B44EF93E8A528B6F2D413511 /* Pods-Hancock.debug.xcconfig */ = {isa = PBXFileReference; includeInIndex = 1; lastKnownFileType = text.xcconfig; name = "Pods-Hancock.debug.xcconfig"; path = "Target Support Files/Pods-Hancock/Pods-Hancock.debug.xcconfig"; sourceTree = "<group>"; };
		C939B55D229F302500D15A2B /* SignInViewController.swift */ = {isa = PBXFileReference; lastKnownFileType = sourcecode.swift; name = SignInViewController.swift; path = Authentication/SignInViewController.swift; sourceTree = SOURCE_ROOT; };
		C939B55F229F305900D15A2B /* RegisterViewController.swift */ = {isa = PBXFileReference; lastKnownFileType = sourcecode.swift; path = RegisterViewController.swift; sourceTree = "<group>"; };
		C99A9BE022A058A700554D9A /* HomeViewController.swift */ = {isa = PBXFileReference; lastKnownFileType = sourcecode.swift; path = HomeViewController.swift; sourceTree = "<group>"; };
		C99A9BE222A06C0700554D9A /* InitViewController.swift */ = {isa = PBXFileReference; lastKnownFileType = sourcecode.swift; path = InitViewController.swift; sourceTree = "<group>"; };
/* End PBXFileReference section */

/* Begin PBXFrameworksBuildPhase section */
		A0A028B5227CA9F500A7C787 /* Frameworks */ = {
			isa = PBXFrameworksBuildPhase;
			buildActionMask = 2147483647;
			files = (
			);
			runOnlyForDeploymentPostprocessing = 0;
		};
/* End PBXFrameworksBuildPhase section */

/* Begin PBXGroup section */
		30E36502D6E34303400F401B /* Frameworks */ = {
			isa = PBXGroup;
			children = (
				1A3E28B5AE1CAA606C394F4B /* Pods_Hancock.framework */,
			);
			name = Frameworks;
			sourceTree = "<group>";
		};
		51A772FE7B4152192F747E3F /* Pods */ = {
			isa = PBXGroup;
			children = (
				B44EF93E8A528B6F2D413511 /* Pods-Hancock.debug.xcconfig */,
				7F29B875A1DB16B48327DFAC /* Pods-Hancock.release.xcconfig */,
			);
			path = Pods;
			sourceTree = "<group>";
		};
		A0A028AF227CA9F500A7C787 = {
			isa = PBXGroup;
			children = (
				C939B55A229EF96200D15A2B /* Authentication */,
				A0A028BA227CA9F500A7C787 /* Hancock */,
				A0A028B9227CA9F500A7C787 /* Products */,
				51A772FE7B4152192F747E3F /* Pods */,
				30E36502D6E34303400F401B /* Frameworks */,
			);
			sourceTree = "<group>";
		};
		A0A028B9227CA9F500A7C787 /* Products */ = {
			isa = PBXGroup;
			children = (
				A0A028B8227CA9F500A7C787 /* ABC Go AR.app */,
			);
			name = Products;
			sourceTree = "<group>";
		};
		A0A028BA227CA9F500A7C787 /* Hancock */ = {
			isa = PBXGroup;
			children = (
				A0E86BE122C08F150009A214 /* Loading.gif */,
				A08A2D5322C02AA40076B814 /* Anthony-Chillaxing.gif */,
				A08A2D5222C02AA30076B814 /* Grass-Blowing.gif */,
				A08A2D4822BEDEA20076B814 /* BookAnimation.gif */,
				A0A028BB227CA9F500A7C787 /* AppDelegate.swift */,
				A0A028BD227CA9F500A7C787 /* art.scnassets */,
				A0A028C4227CA9F600A7C787 /* Assets.xcassets */,
				A02AB3362476ED5500AEC16A /* AppIcon.appiconset */,
				A0A028BF227CA9F500A7C787 /* ViewController.swift */,
				A02BCC3A22A86EA70059E3D8 /* activityViewController.swift */,
				A08A2D4422BED3A40076B814 /* ChapterViewController.swift */,
				A004383722CBEEE700E32F21 /* ChapterSelection.swift */,
				3400A23622D543AC00B3EA3A /* ActivitySelection.swift */,
				A0E9B7B523EBA70200929F4A /* PlayWalk.swift */,
				A0E9B7B723EBAAA600929F4A /* StopWalk.swift */,
				A0E9B7B923EBAAE500929F4A /* LetterComplete.swift */,
				C99A9BE022A058A700554D9A /* HomeViewController.swift */,
				C99A9BE222A06C0700554D9A /* InitViewController.swift */,
				A07974B222861DB000606889 /* StudentTableViewController.swift */,
				A07974B02285FC4A00606889 /* StudentsTableViewCell.swift */,
				34DC042422B2DA36001C70DB /* ReticleView.swift */,
				34DC042322B2DA35001C70DB /* CanvasView.swift */,
				A00678EB22AEEB5B00846A2D /* line.swift */,
				3446B59422B8201600C785BE /* Formatters.swift */,
				A08A2D4022BEC4990076B814 /* Swift_Gif.swift */,
				A00E7B5922CA8D25009BA733 /* UIViewExtension.swift */,
				A0A028C7227CA9F600A7C787 /* LaunchScreen.storyboard */,
				A0A028C9227CA9F600A7C787 /* Info.plist */,
				A0A028C1227CA9F500A7C787 /* Main.storyboard */,
				A044CA60249AB9D300F79181 /* LetterMatchingViewController.swift */,
				A08A2D3E22BEA2C50076B814 /* LaunchScreen.storyboard */,
			);
			path = Hancock;
			sourceTree = "<group>";
		};
		C939B55A229EF96200D15A2B /* Authentication */ = {
			isa = PBXGroup;
			children = (
				C939B55D229F302500D15A2B /* SignInViewController.swift */,
				C939B55F229F305900D15A2B /* RegisterViewController.swift */,
			);
			path = Authentication;
			sourceTree = "<group>";
		};
/* End PBXGroup section */

/* Begin PBXNativeTarget section */
		A0A028B7227CA9F500A7C787 /* Hancock */ = {
			isa = PBXNativeTarget;
			buildConfigurationList = A0A028CC227CA9F600A7C787 /* Build configuration list for PBXNativeTarget "Hancock" */;
			buildPhases = (
				95C3917065D3EFBE5D9E63B3 /* [CP] Check Pods Manifest.lock */,
				A0A028B4227CA9F500A7C787 /* Sources */,
				A0A028B5227CA9F500A7C787 /* Frameworks */,
				A0A028B6227CA9F500A7C787 /* Resources */,
			);
			buildRules = (
			);
			dependencies = (
			);
			name = Hancock;
			productName = Hancock;
			productReference = A0A028B8227CA9F500A7C787 /* ABC Go AR.app */;
			productType = "com.apple.product-type.application";
		};
/* End PBXNativeTarget section */

/* Begin PBXProject section */
		A0A028B0227CA9F500A7C787 /* Project object */ = {
			isa = PBXProject;
			attributes = {
				KnownAssetTags = (
					New,
				);
				LastSwiftUpdateCheck = 1020;
				LastUpgradeCheck = 1020;
				ORGANIZATIONNAME = "Chris Ross";
				TargetAttributes = {
					A0A028B7227CA9F500A7C787 = {
						CreatedOnToolsVersion = 10.2;
						LastSwiftMigration = 1020;
					};
				};
			};
			buildConfigurationList = A0A028B3227CA9F500A7C787 /* Build configuration list for PBXProject "Hancock" */;
			compatibilityVersion = "Xcode 9.3";
			developmentRegion = en;
			hasScannedForEncodings = 0;
			knownRegions = (
				en,
				Base,
			);
			mainGroup = A0A028AF227CA9F500A7C787;
			productRefGroup = A0A028B9227CA9F500A7C787 /* Products */;
			projectDirPath = "";
			projectRoot = "";
			targets = (
				A0A028B7227CA9F500A7C787 /* Hancock */,
			);
		};
/* End PBXProject section */

/* Begin PBXResourcesBuildPhase section */
		A0A028B6227CA9F500A7C787 /* Resources */ = {
			isa = PBXResourcesBuildPhase;
			buildActionMask = 2147483647;
			files = (
				A0A028BE227CA9F500A7C787 /* art.scnassets in Resources */,
				A08A2D4922BEDEA20076B814 /* BookAnimation.gif in Resources */,
				A0E86BE222C08F150009A214 /* Loading.gif in Resources */,
				A051592623957A070026485B /* LaunchScreen.storyboard in Resources */,
				A08A2D5522C02AA40076B814 /* Anthony-Chillaxing.gif in Resources */,
				A08A2D3F22BEA2C60076B814 /* LaunchScreen.storyboard in Resources */,
				A08A2D5422C02AA40076B814 /* Grass-Blowing.gif in Resources */,
				A0A028C5227CA9F600A7C787 /* Assets.xcassets in Resources */,
				A02AB3372476ED5500AEC16A /* AppIcon.appiconset in Resources */,
				A0A028C3227CA9F500A7C787 /* Main.storyboard in Resources */,
			);
			runOnlyForDeploymentPostprocessing = 0;
		};
/* End PBXResourcesBuildPhase section */

/* Begin PBXShellScriptBuildPhase section */
		95C3917065D3EFBE5D9E63B3 /* [CP] Check Pods Manifest.lock */ = {
			isa = PBXShellScriptBuildPhase;
			buildActionMask = 2147483647;
			files = (
			);
			inputFileListPaths = (
			);
			inputPaths = (
				"${PODS_PODFILE_DIR_PATH}/Podfile.lock",
				"${PODS_ROOT}/Manifest.lock",
			);
			name = "[CP] Check Pods Manifest.lock";
			outputFileListPaths = (
			);
			outputPaths = (
				"$(DERIVED_FILE_DIR)/Pods-Hancock-checkManifestLockResult.txt",
			);
			runOnlyForDeploymentPostprocessing = 0;
			shellPath = /bin/sh;
			shellScript = "diff \"${PODS_PODFILE_DIR_PATH}/Podfile.lock\" \"${PODS_ROOT}/Manifest.lock\" > /dev/null\nif [ $? != 0 ] ; then\n    # print error to STDERR\n    echo \"error: The sandbox is not in sync with the Podfile.lock. Run 'pod install' or update your CocoaPods installation.\" >&2\n    exit 1\nfi\n# This output is used by Xcode 'outputs' to avoid re-running this script phase.\necho \"SUCCESS\" > \"${SCRIPT_OUTPUT_FILE_0}\"\n";
			showEnvVarsInLog = 0;
		};
/* End PBXShellScriptBuildPhase section */

/* Begin PBXSourcesBuildPhase section */
		A0A028B4227CA9F500A7C787 /* Sources */ = {
			isa = PBXSourcesBuildPhase;
			buildActionMask = 2147483647;
			files = (
				A0E9B7B623EBA70200929F4A /* PlayWalk.swift in Sources */,
				34DC042622B2DA36001C70DB /* ReticleView.swift in Sources */,
				A0A028C0227CA9F500A7C787 /* ViewController.swift in Sources */,
				34DC042522B2DA36001C70DB /* CanvasView.swift in Sources */,
				A0A028BC227CA9F500A7C787 /* AppDelegate.swift in Sources */,
				C939B560229F305900D15A2B /* RegisterViewController.swift in Sources */,
				A044CA61249AB9D300F79181 /* LetterMatchingViewController.swift in Sources */,
				A0E9B7B823EBAAA600929F4A /* StopWalk.swift in Sources */,
				3400A23722D543AD00B3EA3A /* ActivitySelection.swift in Sources */,
				3446B59522B8201600C785BE /* Formatters.swift in Sources */,
				A00E7B5A22CA8D25009BA733 /* UIViewExtension.swift in Sources */,
				A004383822CBEEE700E32F21 /* ChapterSelection.swift in Sources */,
				C99A9BE122A058A700554D9A /* HomeViewController.swift in Sources */,
				C939B55E229F302500D15A2B /* SignInViewController.swift in Sources */,
				A00678EC22AEEB5B00846A2D /* line.swift in Sources */,
				C99A9BE322A06C0700554D9A /* InitViewController.swift in Sources */,
				A07974B322861DB000606889 /* StudentTableViewController.swift in Sources */,
				A08A2D4522BED3A40076B814 /* ChapterViewController.swift in Sources */,
				A02BCC3B22A86EA70059E3D8 /* activityViewController.swift in Sources */,
				A07974B12285FC4A00606889 /* StudentsTableViewCell.swift in Sources */,
				A08A2D4122BEC4990076B814 /* Swift_Gif.swift in Sources */,
				A0E9B7BA23EBAAE500929F4A /* LetterComplete.swift in Sources */,
			);
			runOnlyForDeploymentPostprocessing = 0;
		};
/* End PBXSourcesBuildPhase section */

/* Begin PBXVariantGroup section */
		A0A028C1227CA9F500A7C787 /* Main.storyboard */ = {
			isa = PBXVariantGroup;
			children = (
				A0A028C2227CA9F500A7C787 /* Base */,
			);
			name = Main.storyboard;
			sourceTree = "<group>";
		};
/* End PBXVariantGroup section */

/* Begin XCBuildConfiguration section */
		A0A028CA227CA9F600A7C787 /* Debug */ = {
			isa = XCBuildConfiguration;
			buildSettings = {
				ALWAYS_SEARCH_USER_PATHS = NO;
				CLANG_ANALYZER_NONNULL = YES;
				CLANG_ANALYZER_NUMBER_OBJECT_CONVERSION = YES_AGGRESSIVE;
				CLANG_CXX_LANGUAGE_STANDARD = "gnu++14";
				CLANG_CXX_LIBRARY = "libc++";
				CLANG_ENABLE_MODULES = YES;
				CLANG_ENABLE_OBJC_ARC = YES;
				CLANG_ENABLE_OBJC_WEAK = YES;
				CLANG_WARN_BLOCK_CAPTURE_AUTORELEASING = YES;
				CLANG_WARN_BOOL_CONVERSION = YES;
				CLANG_WARN_COMMA = YES;
				CLANG_WARN_CONSTANT_CONVERSION = YES;
				CLANG_WARN_DEPRECATED_OBJC_IMPLEMENTATIONS = YES;
				CLANG_WARN_DIRECT_OBJC_ISA_USAGE = YES_ERROR;
				CLANG_WARN_DOCUMENTATION_COMMENTS = YES;
				CLANG_WARN_EMPTY_BODY = YES;
				CLANG_WARN_ENUM_CONVERSION = YES;
				CLANG_WARN_INFINITE_RECURSION = YES;
				CLANG_WARN_INT_CONVERSION = YES;
				CLANG_WARN_NON_LITERAL_NULL_CONVERSION = YES;
				CLANG_WARN_OBJC_IMPLICIT_RETAIN_SELF = YES;
				CLANG_WARN_OBJC_LITERAL_CONVERSION = YES;
				CLANG_WARN_OBJC_ROOT_CLASS = YES_ERROR;
				CLANG_WARN_RANGE_LOOP_ANALYSIS = YES;
				CLANG_WARN_STRICT_PROTOTYPES = YES;
				CLANG_WARN_SUSPICIOUS_MOVE = YES;
				CLANG_WARN_UNGUARDED_AVAILABILITY = YES_AGGRESSIVE;
				CLANG_WARN_UNREACHABLE_CODE = YES;
				CLANG_WARN__DUPLICATE_METHOD_MATCH = YES;
				CODE_SIGN_IDENTITY = "iPhone Developer";
				COPY_PHASE_STRIP = NO;
				DEBUG_INFORMATION_FORMAT = dwarf;
				ENABLE_STRICT_OBJC_MSGSEND = YES;
				ENABLE_TESTABILITY = YES;
				GCC_C_LANGUAGE_STANDARD = gnu11;
				GCC_DYNAMIC_NO_PIC = NO;
				GCC_NO_COMMON_BLOCKS = YES;
				GCC_OPTIMIZATION_LEVEL = 0;
				GCC_PREPROCESSOR_DEFINITIONS = (
					"DEBUG=1",
					"$(inherited)",
				);
				GCC_WARN_64_TO_32_BIT_CONVERSION = YES;
				GCC_WARN_ABOUT_RETURN_TYPE = YES_ERROR;
				GCC_WARN_UNDECLARED_SELECTOR = YES;
				GCC_WARN_UNINITIALIZED_AUTOS = YES_AGGRESSIVE;
				GCC_WARN_UNUSED_FUNCTION = YES;
				GCC_WARN_UNUSED_VARIABLE = YES;
				IPHONEOS_DEPLOYMENT_TARGET = 12.2;
				MTL_ENABLE_DEBUG_INFO = INCLUDE_SOURCE;
				MTL_FAST_MATH = YES;
				ONLY_ACTIVE_ARCH = YES;
				SDKROOT = iphoneos;
				SWIFT_ACTIVE_COMPILATION_CONDITIONS = DEBUG;
				SWIFT_OPTIMIZATION_LEVEL = "-Onone";
			};
			name = Debug;
		};
		A0A028CB227CA9F600A7C787 /* Release */ = {
			isa = XCBuildConfiguration;
			buildSettings = {
				ALWAYS_SEARCH_USER_PATHS = NO;
				CLANG_ANALYZER_NONNULL = YES;
				CLANG_ANALYZER_NUMBER_OBJECT_CONVERSION = YES_AGGRESSIVE;
				CLANG_CXX_LANGUAGE_STANDARD = "gnu++14";
				CLANG_CXX_LIBRARY = "libc++";
				CLANG_ENABLE_MODULES = YES;
				CLANG_ENABLE_OBJC_ARC = YES;
				CLANG_ENABLE_OBJC_WEAK = YES;
				CLANG_WARN_BLOCK_CAPTURE_AUTORELEASING = YES;
				CLANG_WARN_BOOL_CONVERSION = YES;
				CLANG_WARN_COMMA = YES;
				CLANG_WARN_CONSTANT_CONVERSION = YES;
				CLANG_WARN_DEPRECATED_OBJC_IMPLEMENTATIONS = YES;
				CLANG_WARN_DIRECT_OBJC_ISA_USAGE = YES_ERROR;
				CLANG_WARN_DOCUMENTATION_COMMENTS = YES;
				CLANG_WARN_EMPTY_BODY = YES;
				CLANG_WARN_ENUM_CONVERSION = YES;
				CLANG_WARN_INFINITE_RECURSION = YES;
				CLANG_WARN_INT_CONVERSION = YES;
				CLANG_WARN_NON_LITERAL_NULL_CONVERSION = YES;
				CLANG_WARN_OBJC_IMPLICIT_RETAIN_SELF = YES;
				CLANG_WARN_OBJC_LITERAL_CONVERSION = YES;
				CLANG_WARN_OBJC_ROOT_CLASS = YES_ERROR;
				CLANG_WARN_RANGE_LOOP_ANALYSIS = YES;
				CLANG_WARN_STRICT_PROTOTYPES = YES;
				CLANG_WARN_SUSPICIOUS_MOVE = YES;
				CLANG_WARN_UNGUARDED_AVAILABILITY = YES_AGGRESSIVE;
				CLANG_WARN_UNREACHABLE_CODE = YES;
				CLANG_WARN__DUPLICATE_METHOD_MATCH = YES;
				CODE_SIGN_IDENTITY = "iPhone Developer";
				COPY_PHASE_STRIP = NO;
				DEBUG_INFORMATION_FORMAT = "dwarf-with-dsym";
				ENABLE_NS_ASSERTIONS = NO;
				ENABLE_STRICT_OBJC_MSGSEND = YES;
				GCC_C_LANGUAGE_STANDARD = gnu11;
				GCC_NO_COMMON_BLOCKS = YES;
				GCC_WARN_64_TO_32_BIT_CONVERSION = YES;
				GCC_WARN_ABOUT_RETURN_TYPE = YES_ERROR;
				GCC_WARN_UNDECLARED_SELECTOR = YES;
				GCC_WARN_UNINITIALIZED_AUTOS = YES_AGGRESSIVE;
				GCC_WARN_UNUSED_FUNCTION = YES;
				GCC_WARN_UNUSED_VARIABLE = YES;
				IPHONEOS_DEPLOYMENT_TARGET = 12.2;
				MTL_ENABLE_DEBUG_INFO = NO;
				MTL_FAST_MATH = YES;
				SDKROOT = iphoneos;
				SWIFT_COMPILATION_MODE = wholemodule;
				SWIFT_OPTIMIZATION_LEVEL = "-O";
				VALIDATE_PRODUCT = YES;
			};
			name = Release;
		};
		A0A028CD227CA9F600A7C787 /* Debug */ = {
			isa = XCBuildConfiguration;
			baseConfigurationReference = B44EF93E8A528B6F2D413511 /* Pods-Hancock.debug.xcconfig */;
			buildSettings = {
				ASSETCATALOG_COMPILER_APPICON_NAME = "AppIcon-1";
				CLANG_ENABLE_MODULES = YES;
				CODE_SIGN_IDENTITY = "iPhone Developer";
				CODE_SIGN_STYLE = Automatic;
				CURRENT_PROJECT_VERSION = 3;
				DEVELOPMENT_TEAM = RX5X2KDAVM;
				INFOPLIST_FILE = Hancock/Info.plist;
				IPHONEOS_DEPLOYMENT_TARGET = 12.1;
				LD_RUNPATH_SEARCH_PATHS = (
					"$(inherited)",
					"@executable_path/Frameworks",
				);
				MARKETING_VERSION = 7;
				PRODUCT_BUNDLE_IDENTIFIER = edu.boisestate.abcgoar;
				PRODUCT_NAME = "ABC Go AR";
				PROVISIONING_PROFILE_SPECIFIER = "";
				SWIFT_OPTIMIZATION_LEVEL = "-Onone";
				SWIFT_VERSION = 5.0;
				TARGETED_DEVICE_FAMILY = "1,2";
			};
			name = Debug;
		};
		A0A028CE227CA9F600A7C787 /* Release */ = {
			isa = XCBuildConfiguration;
			baseConfigurationReference = 7F29B875A1DB16B48327DFAC /* Pods-Hancock.release.xcconfig */;
			buildSettings = {
				ASSETCATALOG_COMPILER_APPICON_NAME = "AppIcon-1";
				CLANG_ENABLE_MODULES = YES;
				CODE_SIGN_IDENTITY = "iPhone Developer";
				CODE_SIGN_STYLE = Automatic;
				CURRENT_PROJECT_VERSION = 3;
				DEVELOPMENT_TEAM = RX5X2KDAVM;
				INFOPLIST_FILE = Hancock/Info.plist;
				IPHONEOS_DEPLOYMENT_TARGET = 12.1;
				LD_RUNPATH_SEARCH_PATHS = (
					"$(inherited)",
					"@executable_path/Frameworks",
				);
				MARKETING_VERSION = 7;
				PRODUCT_BUNDLE_IDENTIFIER = edu.boisestate.abcgoar;
				PRODUCT_NAME = "ABC Go AR";
				PROVISIONING_PROFILE_SPECIFIER = "";
				SWIFT_VERSION = 5.0;
				TARGETED_DEVICE_FAMILY = "1,2";
			};
			name = Release;
		};
/* End XCBuildConfiguration section */

/* Begin XCConfigurationList section */
		A0A028B3227CA9F500A7C787 /* Build configuration list for PBXProject "Hancock" */ = {
			isa = XCConfigurationList;
			buildConfigurations = (
				A0A028CA227CA9F600A7C787 /* Debug */,
				A0A028CB227CA9F600A7C787 /* Release */,
			);
			defaultConfigurationIsVisible = 0;
			defaultConfigurationName = Release;
		};
		A0A028CC227CA9F600A7C787 /* Build configuration list for PBXNativeTarget "Hancock" */ = {
			isa = XCConfigurationList;
			buildConfigurations = (
				A0A028CD227CA9F600A7C787 /* Debug */,
				A0A028CE227CA9F600A7C787 /* Release */,
			);
			defaultConfigurationIsVisible = 0;
			defaultConfigurationName = Release;
		};
/* End XCConfigurationList section */
	};
	rootObject = A0A028B0227CA9F500A7C787 /* Project object */;
}
