// !$*UTF8*$!
{
	archiveVersion = 1;
	classes = {
	};
	objectVersion = 50;
	objects = {

/* Begin PBXBuildFile section */
		3400A23722D543AD00B3EA3A /* ActivitySelection.swift in Sources */ = {isa = PBXBuildFile; fileRef = 3400A23622D543AC00B3EA3A /* ActivitySelection.swift */; };
		3446B59522B8201600C785BE /* Formatters.swift in Sources */ = {isa = PBXBuildFile; fileRef = 3446B59422B8201600C785BE /* Formatters.swift */; };
		34DC042522B2DA36001C70DB /* CanvasView.swift in Sources */ = {isa = PBXBuildFile; fileRef = 34DC042322B2DA35001C70DB /* CanvasView.swift */; };
		34DC042622B2DA36001C70DB /* ReticleView.swift in Sources */ = {isa = PBXBuildFile; fileRef = 34DC042422B2DA36001C70DB /* ReticleView.swift */; };
		A004383822CBEEE700E32F21 /* ChapterSelection.swift in Sources */ = {isa = PBXBuildFile; fileRef = A004383722CBEEE700E32F21 /* ChapterSelection.swift */; };
		A00678EC22AEEB5B00846A2D /* line.swift in Sources */ = {isa = PBXBuildFile; fileRef = A00678EB22AEEB5B00846A2D /* line.swift */; };
		A00E7B5A22CA8D25009BA733 /* UIViewExtension.swift in Sources */ = {isa = PBXBuildFile; fileRef = A00E7B5922CA8D25009BA733 /* UIViewExtension.swift */; };
		A023DF8C24C1249200306A44 /* LetterMatchingDBViewController.swift in Sources */ = {isa = PBXBuildFile; fileRef = A023DF8B24C1249200306A44 /* LetterMatchingDBViewController.swift */; };
		A023DF8E24C12E0000306A44 /* LetterMatchingPGQViewController.swift in Sources */ = {isa = PBXBuildFile; fileRef = A023DF8D24C12E0000306A44 /* LetterMatchingPGQViewController.swift */; };
		A02AB3372476ED5500AEC16A /* AppIcon.appiconset in Resources */ = {isa = PBXBuildFile; fileRef = A02AB3362476ED5500AEC16A /* AppIcon.appiconset */; };
		A02BCC3B22A86EA70059E3D8 /* activityViewController.swift in Sources */ = {isa = PBXBuildFile; fileRef = A02BCC3A22A86EA70059E3D8 /* activityViewController.swift */; };
		A044CA61249AB9D300F79181 /* LetterMatchingViewController.swift in Sources */ = {isa = PBXBuildFile; fileRef = A044CA60249AB9D300F79181 /* LetterMatchingViewController.swift */; };
		A051592623957A070026485B /* LaunchScreen.storyboard in Resources */ = {isa = PBXBuildFile; fileRef = A0A028C7227CA9F600A7C787 /* LaunchScreen.storyboard */; };
		A07974B12285FC4A00606889 /* StudentsTableViewCell.swift in Sources */ = {isa = PBXBuildFile; fileRef = A07974B02285FC4A00606889 /* StudentsTableViewCell.swift */; };
		A07974B322861DB000606889 /* StudentTableViewController.swift in Sources */ = {isa = PBXBuildFile; fileRef = A07974B222861DB000606889 /* StudentTableViewController.swift */; };
		A08A2D3F22BEA2C60076B814 /* LaunchScreen.storyboard in Resources */ = {isa = PBXBuildFile; fileRef = A08A2D3E22BEA2C50076B814 /* LaunchScreen.storyboard */; };
		A08A2D4122BEC4990076B814 /* Swift_Gif.swift in Sources */ = {isa = PBXBuildFile; fileRef = A08A2D4022BEC4990076B814 /* Swift_Gif.swift */; };
		A08A2D4522BED3A40076B814 /* ChapterViewController.swift in Sources */ = {isa = PBXBuildFile; fileRef = A08A2D4422BED3A40076B814 /* ChapterViewController.swift */; };
		A08A2D4922BEDEA20076B814 /* BookAnimation.gif in Resources */ = {isa = PBXBuildFile; fileRef = A08A2D4822BEDEA20076B814 /* BookAnimation.gif */; };
		A08A2D5422C02AA40076B814 /* Grass-Blowing.gif in Resources */ = {isa = PBXBuildFile; fileRef = A08A2D5222C02AA30076B814 /* Grass-Blowing.gif */; };
		A08A2D5522C02AA40076B814 /* Anthony-Chillaxing.gif in Resources */ = {isa = PBXBuildFile; fileRef = A08A2D5322C02AA40076B814 /* Anthony-Chillaxing.gif */; };
		A0A028BC227CA9F500A7C787 /* AppDelegate.swift in Sources */ = {isa = PBXBuildFile; fileRef = A0A028BB227CA9F500A7C787 /* AppDelegate.swift */; };
		A0A028BE227CA9F500A7C787 /* art.scnassets in Resources */ = {isa = PBXBuildFile; fileRef = A0A028BD227CA9F500A7C787 /* art.scnassets */; };
		A0A028C0227CA9F500A7C787 /* ViewController.swift in Sources */ = {isa = PBXBuildFile; fileRef = A0A028BF227CA9F500A7C787 /* ViewController.swift */; };
		A0A028C5227CA9F600A7C787 /* Assets.xcassets in Resources */ = {isa = PBXBuildFile; fileRef = A0A028C4227CA9F600A7C787 /* Assets.xcassets */; };
		A0DEC69C24BCBD15008A38F1 /* letterMatchingMenuViewController.swift in Sources */ = {isa = PBXBuildFile; fileRef = A0DEC69B24BCBD15008A38F1 /* letterMatchingMenuViewController.swift */; };
		A0E86BE222C08F150009A214 /* Loading.gif in Resources */ = {isa = PBXBuildFile; fileRef = A0E86BE122C08F150009A214 /* Loading.gif */; };
		A0E9B7B623EBA70200929F4A /* PlayWalk.swift in Sources */ = {isa = PBXBuildFile; fileRef = A0E9B7B523EBA70200929F4A /* PlayWalk.swift */; };
		A0E9B7B823EBAAA600929F4A /* StopWalk.swift in Sources */ = {isa = PBXBuildFile; fileRef = A0E9B7B723EBAAA600929F4A /* StopWalk.swift */; };
		A0E9B7BA23EBAAE500929F4A /* LetterComplete.swift in Sources */ = {isa = PBXBuildFile; fileRef = A0E9B7B923EBAAE500929F4A /* LetterComplete.swift */; };
		A713540624ACC7CE00E6D656 /* FreeWriteViewController.swift in Sources */ = {isa = PBXBuildFile; fileRef = A713540524ACC7CE00E6D656 /* FreeWriteViewController.swift */; };
		A72C3B8824E5984F001BAE9D /* V.gif in Resources */ = {isa = PBXBuildFile; fileRef = A72C3B8724E5984F001BAE9D /* V.gif */; };
		A78A6C5324A0F7E200F32D3D /* LevelTwoMenuViewController.swift in Sources */ = {isa = PBXBuildFile; fileRef = A78A6C5224A0F7E200F32D3D /* LevelTwoMenuViewController.swift */; };
		A7ACFFDA24E5CAB3004F1E87 /* rLower.gif in Resources */ = {isa = PBXBuildFile; fileRef = A7ACFFC024E5CA9F004F1E87 /* rLower.gif */; };
		A7ACFFDB24E5CAB3004F1E87 /* lLower.gif in Resources */ = {isa = PBXBuildFile; fileRef = A7ACFFC124E5CAA0004F1E87 /* lLower.gif */; };
		A7ACFFDC24E5CAB3004F1E87 /* eLower.gif in Resources */ = {isa = PBXBuildFile; fileRef = A7ACFFC224E5CAA1004F1E87 /* eLower.gif */; };
		A7ACFFDD24E5CAB3004F1E87 /* mLower.gif in Resources */ = {isa = PBXBuildFile; fileRef = A7ACFFC324E5CAA1004F1E87 /* mLower.gif */; };
		A7ACFFDE24E5CAB3004F1E87 /* dLower.gif in Resources */ = {isa = PBXBuildFile; fileRef = A7ACFFC424E5CAA2004F1E87 /* dLower.gif */; };
		A7ACFFDF24E5CAB3004F1E87 /* jLower.gif in Resources */ = {isa = PBXBuildFile; fileRef = A7ACFFC524E5CAA3004F1E87 /* jLower.gif */; };
		A7ACFFE024E5CAB3004F1E87 /* qLower.gif in Resources */ = {isa = PBXBuildFile; fileRef = A7ACFFC624E5CAA3004F1E87 /* qLower.gif */; };
		A7ACFFE124E5CAB3004F1E87 /* cLower.gif in Resources */ = {isa = PBXBuildFile; fileRef = A7ACFFC724E5CAA4004F1E87 /* cLower.gif */; };
		A7ACFFE224E5CAB3004F1E87 /* gLower.gif in Resources */ = {isa = PBXBuildFile; fileRef = A7ACFFC824E5CAA5004F1E87 /* gLower.gif */; };
		A7ACFFE324E5CAB3004F1E87 /* fLower.gif in Resources */ = {isa = PBXBuildFile; fileRef = A7ACFFC924E5CAA6004F1E87 /* fLower.gif */; };
		A7ACFFE424E5CAB3004F1E87 /* sLower.gif in Resources */ = {isa = PBXBuildFile; fileRef = A7ACFFCA24E5CAA6004F1E87 /* sLower.gif */; };
		A7ACFFE524E5CAB3004F1E87 /* hLower.gif in Resources */ = {isa = PBXBuildFile; fileRef = A7ACFFCB24E5CAA7004F1E87 /* hLower.gif */; };
		A7ACFFE624E5CAB3004F1E87 /* kLower.gif in Resources */ = {isa = PBXBuildFile; fileRef = A7ACFFCC24E5CAA8004F1E87 /* kLower.gif */; };
		A7ACFFE724E5CAB3004F1E87 /* oLower.gif in Resources */ = {isa = PBXBuildFile; fileRef = A7ACFFCD24E5CAA9004F1E87 /* oLower.gif */; };
		A7ACFFE824E5CAB3004F1E87 /* vLower.gif in Resources */ = {isa = PBXBuildFile; fileRef = A7ACFFCE24E5CAAA004F1E87 /* vLower.gif */; };
		A7ACFFE924E5CAB3004F1E87 /* tLower.gif in Resources */ = {isa = PBXBuildFile; fileRef = A7ACFFCF24E5CAAB004F1E87 /* tLower.gif */; };
		A7ACFFEA24E5CAB3004F1E87 /* uLower.gif in Resources */ = {isa = PBXBuildFile; fileRef = A7ACFFD024E5CAAB004F1E87 /* uLower.gif */; };
		A7ACFFEB24E5CAB3004F1E87 /* pLower.gif in Resources */ = {isa = PBXBuildFile; fileRef = A7ACFFD124E5CAAC004F1E87 /* pLower.gif */; };
		A7ACFFEC24E5CAB3004F1E87 /* wLower.gif in Resources */ = {isa = PBXBuildFile; fileRef = A7ACFFD224E5CAAD004F1E87 /* wLower.gif */; };
		A7ACFFED24E5CAB3004F1E87 /* iLower.gif in Resources */ = {isa = PBXBuildFile; fileRef = A7ACFFD324E5CAAE004F1E87 /* iLower.gif */; };
		A7ACFFEE24E5CAB3004F1E87 /* bLower.gif in Resources */ = {isa = PBXBuildFile; fileRef = A7ACFFD424E5CAAF004F1E87 /* bLower.gif */; };
		A7ACFFEF24E5CAB3004F1E87 /* xLower.gif in Resources */ = {isa = PBXBuildFile; fileRef = A7ACFFD524E5CAB0004F1E87 /* xLower.gif */; };
		A7ACFFF024E5CAB3004F1E87 /* yLower.gif in Resources */ = {isa = PBXBuildFile; fileRef = A7ACFFD624E5CAB1004F1E87 /* yLower.gif */; };
		A7ACFFF124E5CAB3004F1E87 /* aLower.gif in Resources */ = {isa = PBXBuildFile; fileRef = A7ACFFD724E5CAB1004F1E87 /* aLower.gif */; };
		A7ACFFF224E5CAB3004F1E87 /* zLower.gif in Resources */ = {isa = PBXBuildFile; fileRef = A7ACFFD824E5CAB2004F1E87 /* zLower.gif */; };
		A7ACFFF324E5CAB3004F1E87 /* nLower.gif in Resources */ = {isa = PBXBuildFile; fileRef = A7ACFFD924E5CAB3004F1E87 /* nLower.gif */; };
		A7ACFFF524E70B3B004F1E87 /* Main.storyboard in Resources */ = {isa = PBXBuildFile; fileRef = A7ACFFF424E70B3B004F1E87 /* Main.storyboard */; };
		A7CBF51024E594150066988F /* M.gif in Resources */ = {isa = PBXBuildFile; fileRef = A7CBF4F624E592CD0066988F /* M.gif */; };
		A7CBF51124E594150066988F /* K.gif in Resources */ = {isa = PBXBuildFile; fileRef = A7CBF4F724E592E00066988F /* K.gif */; };
		A7CBF51224E594150066988F /* R.gif in Resources */ = {isa = PBXBuildFile; fileRef = A7CBF4F824E592F10066988F /* R.gif */; };
		A7CBF51324E594150066988F /* Q.gif in Resources */ = {isa = PBXBuildFile; fileRef = A7CBF4F924E592F70066988F /* Q.gif */; };
		A7CBF51424E594150066988F /* P.gif in Resources */ = {isa = PBXBuildFile; fileRef = A7CBF4FA24E593000066988F /* P.gif */; };
		A7CBF51524E594150066988F /* J.gif in Resources */ = {isa = PBXBuildFile; fileRef = A7CBF4FB24E593070066988F /* J.gif */; };
		A7CBF51724E594150066988F /* L.gif in Resources */ = {isa = PBXBuildFile; fileRef = A7CBF4FD24E5931C0066988F /* L.gif */; };
		A7CBF51824E594150066988F /* O.gif in Resources */ = {isa = PBXBuildFile; fileRef = A7CBF4FE24E593230066988F /* O.gif */; };
		A7CBF51924E594150066988F /* Y.gif in Resources */ = {isa = PBXBuildFile; fileRef = A7CBF4FF24E5934B0066988F /* Y.gif */; };
		A7CBF51A24E594150066988F /* I.gif in Resources */ = {isa = PBXBuildFile; fileRef = A7CBF50024E5935C0066988F /* I.gif */; };
		A7CBF51B24E594150066988F /* E.gif in Resources */ = {isa = PBXBuildFile; fileRef = A7CBF50124E593630066988F /* E.gif */; };
		A7CBF51C24E594150066988F /* F.gif in Resources */ = {isa = PBXBuildFile; fileRef = A7CBF50224E593690066988F /* F.gif */; };
		A7CBF51D24E594150066988F /* N.gif in Resources */ = {isa = PBXBuildFile; fileRef = A7CBF50324E593840066988F /* N.gif */; };
		A7CBF51E24E594150066988F /* C.gif in Resources */ = {isa = PBXBuildFile; fileRef = A7CBF50424E5939B0066988F /* C.gif */; };
		A7CBF51F24E594150066988F /* H.gif in Resources */ = {isa = PBXBuildFile; fileRef = A7CBF50524E593A20066988F /* H.gif */; };
		A7CBF52024E594150066988F /* X.gif in Resources */ = {isa = PBXBuildFile; fileRef = A7CBF50624E593A80066988F /* X.gif */; };
		A7CBF52124E594150066988F /* Z.gif in Resources */ = {isa = PBXBuildFile; fileRef = A7CBF50724E593B20066988F /* Z.gif */; };
		A7CBF52224E594150066988F /* A.gif in Resources */ = {isa = PBXBuildFile; fileRef = A7CBF50824E593C40066988F /* A.gif */; };
		A7CBF52324E594150066988F /* D.gif in Resources */ = {isa = PBXBuildFile; fileRef = A7CBF50924E593CA0066988F /* D.gif */; };
		A7CBF52424E594150066988F /* B.gif in Resources */ = {isa = PBXBuildFile; fileRef = A7CBF50A24E593D30066988F /* B.gif */; };
		A7CBF52524E594150066988F /* S.gif in Resources */ = {isa = PBXBuildFile; fileRef = A7CBF50B24E593ED0066988F /* S.gif */; };
		A7CBF52624E594150066988F /* U.gif in Resources */ = {isa = PBXBuildFile; fileRef = A7CBF50C24E593F40066988F /* U.gif */; };
		A7CBF52724E594150066988F /* G.gif in Resources */ = {isa = PBXBuildFile; fileRef = A7CBF50D24E593FA0066988F /* G.gif */; };
		A7CBF52824E594150066988F /* W.gif in Resources */ = {isa = PBXBuildFile; fileRef = A7CBF50E24E594040066988F /* W.gif */; };
		A7CBF52924E594150066988F /* T.gif in Resources */ = {isa = PBXBuildFile; fileRef = A7CBF50F24E594150066988F /* T.gif */; };
		A7E62789249AAC560031126F /* LevelTwoActivityViewController.swift in Sources */ = {isa = PBXBuildFile; fileRef = A7E62788249AAC560031126F /* LevelTwoActivityViewController.swift */; };
		C939B55E229F302500D15A2B /* SignInViewController.swift in Sources */ = {isa = PBXBuildFile; fileRef = C939B55D229F302500D15A2B /* SignInViewController.swift */; };
		C939B560229F305900D15A2B /* RegisterViewController.swift in Sources */ = {isa = PBXBuildFile; fileRef = C939B55F229F305900D15A2B /* RegisterViewController.swift */; };
		C99A9BE122A058A700554D9A /* HomeViewController.swift in Sources */ = {isa = PBXBuildFile; fileRef = C99A9BE022A058A700554D9A /* HomeViewController.swift */; };
		C99A9BE322A06C0700554D9A /* InitViewController.swift in Sources */ = {isa = PBXBuildFile; fileRef = C99A9BE222A06C0700554D9A /* InitViewController.swift */; };
/* End PBXBuildFile section */

/* Begin PBXFileReference section */
		1A3E28B5AE1CAA606C394F4B /* Pods_Hancock.framework */ = {isa = PBXFileReference; explicitFileType = wrapper.framework; includeInIndex = 0; path = Pods_Hancock.framework; sourceTree = BUILT_PRODUCTS_DIR; };
		3400A23622D543AC00B3EA3A /* ActivitySelection.swift */ = {isa = PBXFileReference; lastKnownFileType = sourcecode.swift; path = ActivitySelection.swift; sourceTree = "<group>"; };
		3446B59422B8201600C785BE /* Formatters.swift */ = {isa = PBXFileReference; fileEncoding = 4; lastKnownFileType = sourcecode.swift; path = Formatters.swift; sourceTree = "<group>"; };
		34DC042322B2DA35001C70DB /* CanvasView.swift */ = {isa = PBXFileReference; fileEncoding = 4; lastKnownFileType = sourcecode.swift; path = CanvasView.swift; sourceTree = "<group>"; };
		34DC042422B2DA36001C70DB /* ReticleView.swift */ = {isa = PBXFileReference; fileEncoding = 4; lastKnownFileType = sourcecode.swift; path = ReticleView.swift; sourceTree = "<group>"; };
		7F29B875A1DB16B48327DFAC /* Pods-Hancock.release.xcconfig */ = {isa = PBXFileReference; includeInIndex = 1; lastKnownFileType = text.xcconfig; name = "Pods-Hancock.release.xcconfig"; path = "Target Support Files/Pods-Hancock/Pods-Hancock.release.xcconfig"; sourceTree = "<group>"; };
		A004383722CBEEE700E32F21 /* ChapterSelection.swift */ = {isa = PBXFileReference; lastKnownFileType = sourcecode.swift; path = ChapterSelection.swift; sourceTree = "<group>"; };
		A00678EB22AEEB5B00846A2D /* line.swift */ = {isa = PBXFileReference; lastKnownFileType = sourcecode.swift; path = line.swift; sourceTree = "<group>"; };
		A00E7B5922CA8D25009BA733 /* UIViewExtension.swift */ = {isa = PBXFileReference; lastKnownFileType = sourcecode.swift; path = UIViewExtension.swift; sourceTree = "<group>"; };
		A023DF8B24C1249200306A44 /* LetterMatchingDBViewController.swift */ = {isa = PBXFileReference; lastKnownFileType = sourcecode.swift; path = LetterMatchingDBViewController.swift; sourceTree = "<group>"; };
		A023DF8D24C12E0000306A44 /* LetterMatchingPGQViewController.swift */ = {isa = PBXFileReference; lastKnownFileType = sourcecode.swift; path = LetterMatchingPGQViewController.swift; sourceTree = "<group>"; };
		A02AB3362476ED5500AEC16A /* AppIcon.appiconset */ = {isa = PBXFileReference; lastKnownFileType = folder; path = AppIcon.appiconset; sourceTree = "<group>"; };
		A02BCC3A22A86EA70059E3D8 /* activityViewController.swift */ = {isa = PBXFileReference; lastKnownFileType = sourcecode.swift; path = activityViewController.swift; sourceTree = "<group>"; };
		A044CA60249AB9D300F79181 /* LetterMatchingViewController.swift */ = {isa = PBXFileReference; lastKnownFileType = sourcecode.swift; path = LetterMatchingViewController.swift; sourceTree = "<group>"; };
		A07974B02285FC4A00606889 /* StudentsTableViewCell.swift */ = {isa = PBXFileReference; lastKnownFileType = sourcecode.swift; path = StudentsTableViewCell.swift; sourceTree = "<group>"; };
		A07974B222861DB000606889 /* StudentTableViewController.swift */ = {isa = PBXFileReference; lastKnownFileType = sourcecode.swift; path = StudentTableViewController.swift; sourceTree = "<group>"; };
		A08A2D3E22BEA2C50076B814 /* LaunchScreen.storyboard */ = {isa = PBXFileReference; fileEncoding = 4; lastKnownFileType = file.storyboard; path = LaunchScreen.storyboard; sourceTree = "<group>"; };
		A08A2D4022BEC4990076B814 /* Swift_Gif.swift */ = {isa = PBXFileReference; lastKnownFileType = sourcecode.swift; path = Swift_Gif.swift; sourceTree = "<group>"; };
		A08A2D4422BED3A40076B814 /* ChapterViewController.swift */ = {isa = PBXFileReference; lastKnownFileType = sourcecode.swift; path = ChapterViewController.swift; sourceTree = "<group>"; };
		A08A2D4822BEDEA20076B814 /* BookAnimation.gif */ = {isa = PBXFileReference; lastKnownFileType = image.gif; path = BookAnimation.gif; sourceTree = "<group>"; };
		A08A2D5222C02AA30076B814 /* Grass-Blowing.gif */ = {isa = PBXFileReference; lastKnownFileType = image.gif; path = "Grass-Blowing.gif"; sourceTree = "<group>"; };
		A08A2D5322C02AA40076B814 /* Anthony-Chillaxing.gif */ = {isa = PBXFileReference; lastKnownFileType = image.gif; path = "Anthony-Chillaxing.gif"; sourceTree = "<group>"; };
		A0A028B8227CA9F500A7C787 /* ABC Go AR.app */ = {isa = PBXFileReference; explicitFileType = wrapper.application; includeInIndex = 0; path = "ABC Go AR.app"; sourceTree = BUILT_PRODUCTS_DIR; };
		A0A028BB227CA9F500A7C787 /* AppDelegate.swift */ = {isa = PBXFileReference; lastKnownFileType = sourcecode.swift; path = AppDelegate.swift; sourceTree = "<group>"; };
		A0A028BD227CA9F500A7C787 /* art.scnassets */ = {isa = PBXFileReference; lastKnownFileType = wrapper.scnassets; path = art.scnassets; sourceTree = "<group>"; };
		A0A028BF227CA9F500A7C787 /* ViewController.swift */ = {isa = PBXFileReference; lastKnownFileType = sourcecode.swift; path = ViewController.swift; sourceTree = "<group>"; usesTabs = 0; wrapsLines = 1; };
		A0A028C4227CA9F600A7C787 /* Assets.xcassets */ = {isa = PBXFileReference; lastKnownFileType = folder.assetcatalog; path = Assets.xcassets; sourceTree = "<group>"; };
		A0A028C7227CA9F600A7C787 /* LaunchScreen.storyboard */ = {isa = PBXFileReference; lastKnownFileType = text.plist.xml; name = LaunchScreen.storyboard; path = "GoogleService-Info.plist"; sourceTree = "<group>"; };
		A0A028C9227CA9F600A7C787 /* Info.plist */ = {isa = PBXFileReference; lastKnownFileType = text.plist.xml; path = Info.plist; sourceTree = "<group>"; };
		A0DEC69B24BCBD15008A38F1 /* letterMatchingMenuViewController.swift */ = {isa = PBXFileReference; lastKnownFileType = sourcecode.swift; path = letterMatchingMenuViewController.swift; sourceTree = "<group>"; };
		A0E86BE122C08F150009A214 /* Loading.gif */ = {isa = PBXFileReference; lastKnownFileType = image.gif; path = Loading.gif; sourceTree = "<group>"; };
		A0E9B7B523EBA70200929F4A /* PlayWalk.swift */ = {isa = PBXFileReference; lastKnownFileType = sourcecode.swift; path = PlayWalk.swift; sourceTree = "<group>"; };
		A0E9B7B723EBAAA600929F4A /* StopWalk.swift */ = {isa = PBXFileReference; lastKnownFileType = sourcecode.swift; path = StopWalk.swift; sourceTree = "<group>"; };
		A0E9B7B923EBAAE500929F4A /* LetterComplete.swift */ = {isa = PBXFileReference; lastKnownFileType = sourcecode.swift; path = LetterComplete.swift; sourceTree = "<group>"; };
		A713540524ACC7CE00E6D656 /* FreeWriteViewController.swift */ = {isa = PBXFileReference; lastKnownFileType = sourcecode.swift; path = FreeWriteViewController.swift; sourceTree = "<group>"; };
		A72C3B8724E5984F001BAE9D /* V.gif */ = {isa = PBXFileReference; lastKnownFileType = image.gif; path = V.gif; sourceTree = "<group>"; };
		A78A6C5224A0F7E200F32D3D /* LevelTwoMenuViewController.swift */ = {isa = PBXFileReference; lastKnownFileType = sourcecode.swift; path = LevelTwoMenuViewController.swift; sourceTree = "<group>"; };
		A7ACFFC024E5CA9F004F1E87 /* rLower.gif */ = {isa = PBXFileReference; lastKnownFileType = image.gif; path = rLower.gif; sourceTree = "<group>"; };
		A7ACFFC124E5CAA0004F1E87 /* lLower.gif */ = {isa = PBXFileReference; lastKnownFileType = image.gif; path = lLower.gif; sourceTree = "<group>"; };
		A7ACFFC224E5CAA1004F1E87 /* eLower.gif */ = {isa = PBXFileReference; lastKnownFileType = image.gif; path = eLower.gif; sourceTree = "<group>"; };
		A7ACFFC324E5CAA1004F1E87 /* mLower.gif */ = {isa = PBXFileReference; lastKnownFileType = image.gif; path = mLower.gif; sourceTree = "<group>"; };
		A7ACFFC424E5CAA2004F1E87 /* dLower.gif */ = {isa = PBXFileReference; lastKnownFileType = image.gif; path = dLower.gif; sourceTree = "<group>"; };
		A7ACFFC524E5CAA3004F1E87 /* jLower.gif */ = {isa = PBXFileReference; lastKnownFileType = image.gif; path = jLower.gif; sourceTree = "<group>"; };
		A7ACFFC624E5CAA3004F1E87 /* qLower.gif */ = {isa = PBXFileReference; lastKnownFileType = image.gif; path = qLower.gif; sourceTree = "<group>"; };
		A7ACFFC724E5CAA4004F1E87 /* cLower.gif */ = {isa = PBXFileReference; lastKnownFileType = image.gif; path = cLower.gif; sourceTree = "<group>"; };
		A7ACFFC824E5CAA5004F1E87 /* gLower.gif */ = {isa = PBXFileReference; lastKnownFileType = image.gif; path = gLower.gif; sourceTree = "<group>"; };
		A7ACFFC924E5CAA6004F1E87 /* fLower.gif */ = {isa = PBXFileReference; lastKnownFileType = image.gif; path = fLower.gif; sourceTree = "<group>"; };
		A7ACFFCA24E5CAA6004F1E87 /* sLower.gif */ = {isa = PBXFileReference; lastKnownFileType = image.gif; path = sLower.gif; sourceTree = "<group>"; };
		A7ACFFCB24E5CAA7004F1E87 /* hLower.gif */ = {isa = PBXFileReference; lastKnownFileType = image.gif; path = hLower.gif; sourceTree = "<group>"; };
		A7ACFFCC24E5CAA8004F1E87 /* kLower.gif */ = {isa = PBXFileReference; lastKnownFileType = image.gif; path = kLower.gif; sourceTree = "<group>"; };
		A7ACFFCD24E5CAA9004F1E87 /* oLower.gif */ = {isa = PBXFileReference; lastKnownFileType = image.gif; path = oLower.gif; sourceTree = "<group>"; };
		A7ACFFCE24E5CAAA004F1E87 /* vLower.gif */ = {isa = PBXFileReference; lastKnownFileType = image.gif; path = vLower.gif; sourceTree = "<group>"; };
		A7ACFFCF24E5CAAB004F1E87 /* tLower.gif */ = {isa = PBXFileReference; lastKnownFileType = image.gif; path = tLower.gif; sourceTree = "<group>"; };
		A7ACFFD024E5CAAB004F1E87 /* uLower.gif */ = {isa = PBXFileReference; lastKnownFileType = image.gif; path = uLower.gif; sourceTree = "<group>"; };
		A7ACFFD124E5CAAC004F1E87 /* pLower.gif */ = {isa = PBXFileReference; lastKnownFileType = image.gif; path = pLower.gif; sourceTree = "<group>"; };
		A7ACFFD224E5CAAD004F1E87 /* wLower.gif */ = {isa = PBXFileReference; lastKnownFileType = image.gif; path = wLower.gif; sourceTree = "<group>"; };
		A7ACFFD324E5CAAE004F1E87 /* iLower.gif */ = {isa = PBXFileReference; lastKnownFileType = image.gif; path = iLower.gif; sourceTree = "<group>"; };
		A7ACFFD424E5CAAF004F1E87 /* bLower.gif */ = {isa = PBXFileReference; lastKnownFileType = image.gif; path = bLower.gif; sourceTree = "<group>"; };
		A7ACFFD524E5CAB0004F1E87 /* xLower.gif */ = {isa = PBXFileReference; lastKnownFileType = image.gif; path = xLower.gif; sourceTree = "<group>"; };
		A7ACFFD624E5CAB1004F1E87 /* yLower.gif */ = {isa = PBXFileReference; lastKnownFileType = image.gif; path = yLower.gif; sourceTree = "<group>"; };
		A7ACFFD724E5CAB1004F1E87 /* aLower.gif */ = {isa = PBXFileReference; lastKnownFileType = image.gif; path = aLower.gif; sourceTree = "<group>"; };
		A7ACFFD824E5CAB2004F1E87 /* zLower.gif */ = {isa = PBXFileReference; lastKnownFileType = image.gif; path = zLower.gif; sourceTree = "<group>"; };
		A7ACFFD924E5CAB3004F1E87 /* nLower.gif */ = {isa = PBXFileReference; lastKnownFileType = image.gif; path = nLower.gif; sourceTree = "<group>"; };
		A7ACFFF424E70B3B004F1E87 /* Main.storyboard */ = {isa = PBXFileReference; fileEncoding = 4; lastKnownFileType = file.storyboard; path = Main.storyboard; sourceTree = "<group>"; };
		A7CBF4F624E592CD0066988F /* M.gif */ = {isa = PBXFileReference; lastKnownFileType = image.gif; path = M.gif; sourceTree = "<group>"; };
		A7CBF4F724E592E00066988F /* K.gif */ = {isa = PBXFileReference; lastKnownFileType = image.gif; path = K.gif; sourceTree = "<group>"; };
		A7CBF4F824E592F10066988F /* R.gif */ = {isa = PBXFileReference; lastKnownFileType = image.gif; path = R.gif; sourceTree = "<group>"; };
		A7CBF4F924E592F70066988F /* Q.gif */ = {isa = PBXFileReference; lastKnownFileType = image.gif; path = Q.gif; sourceTree = "<group>"; };
		A7CBF4FA24E593000066988F /* P.gif */ = {isa = PBXFileReference; lastKnownFileType = image.gif; path = P.gif; sourceTree = "<group>"; };
		A7CBF4FB24E593070066988F /* J.gif */ = {isa = PBXFileReference; lastKnownFileType = image.gif; path = J.gif; sourceTree = "<group>"; };
		A7CBF4FD24E5931C0066988F /* L.gif */ = {isa = PBXFileReference; lastKnownFileType = image.gif; path = L.gif; sourceTree = "<group>"; };
		A7CBF4FE24E593230066988F /* O.gif */ = {isa = PBXFileReference; lastKnownFileType = image.gif; path = O.gif; sourceTree = "<group>"; };
		A7CBF4FF24E5934B0066988F /* Y.gif */ = {isa = PBXFileReference; lastKnownFileType = image.gif; path = Y.gif; sourceTree = "<group>"; };
		A7CBF50024E5935C0066988F /* I.gif */ = {isa = PBXFileReference; lastKnownFileType = image.gif; path = I.gif; sourceTree = "<group>"; };
		A7CBF50124E593630066988F /* E.gif */ = {isa = PBXFileReference; lastKnownFileType = image.gif; path = E.gif; sourceTree = "<group>"; };
		A7CBF50224E593690066988F /* F.gif */ = {isa = PBXFileReference; lastKnownFileType = image.gif; path = F.gif; sourceTree = "<group>"; };
		A7CBF50324E593840066988F /* N.gif */ = {isa = PBXFileReference; lastKnownFileType = image.gif; path = N.gif; sourceTree = "<group>"; };
		A7CBF50424E5939B0066988F /* C.gif */ = {isa = PBXFileReference; lastKnownFileType = image.gif; path = C.gif; sourceTree = "<group>"; };
		A7CBF50524E593A20066988F /* H.gif */ = {isa = PBXFileReference; lastKnownFileType = image.gif; path = H.gif; sourceTree = "<group>"; };
		A7CBF50624E593A80066988F /* X.gif */ = {isa = PBXFileReference; lastKnownFileType = image.gif; path = X.gif; sourceTree = "<group>"; };
		A7CBF50724E593B20066988F /* Z.gif */ = {isa = PBXFileReference; lastKnownFileType = image.gif; path = Z.gif; sourceTree = "<group>"; };
		A7CBF50824E593C40066988F /* A.gif */ = {isa = PBXFileReference; lastKnownFileType = image.gif; path = A.gif; sourceTree = "<group>"; };
		A7CBF50924E593CA0066988F /* D.gif */ = {isa = PBXFileReference; lastKnownFileType = image.gif; path = D.gif; sourceTree = "<group>"; };
		A7CBF50A24E593D30066988F /* B.gif */ = {isa = PBXFileReference; lastKnownFileType = image.gif; path = B.gif; sourceTree = "<group>"; };
		A7CBF50B24E593ED0066988F /* S.gif */ = {isa = PBXFileReference; lastKnownFileType = image.gif; path = S.gif; sourceTree = "<group>"; };
		A7CBF50C24E593F40066988F /* U.gif */ = {isa = PBXFileReference; lastKnownFileType = image.gif; path = U.gif; sourceTree = "<group>"; };
		A7CBF50D24E593FA0066988F /* G.gif */ = {isa = PBXFileReference; lastKnownFileType = image.gif; path = G.gif; sourceTree = "<group>"; };
		A7CBF50E24E594040066988F /* W.gif */ = {isa = PBXFileReference; lastKnownFileType = image.gif; path = W.gif; sourceTree = "<group>"; };
		A7CBF50F24E594150066988F /* T.gif */ = {isa = PBXFileReference; lastKnownFileType = image.gif; path = T.gif; sourceTree = "<group>"; };
		A7E62788249AAC560031126F /* LevelTwoActivityViewController.swift */ = {isa = PBXFileReference; lastKnownFileType = sourcecode.swift; path = LevelTwoActivityViewController.swift; sourceTree = "<group>"; };
		B44EF93E8A528B6F2D413511 /* Pods-Hancock.debug.xcconfig */ = {isa = PBXFileReference; includeInIndex = 1; lastKnownFileType = text.xcconfig; name = "Pods-Hancock.debug.xcconfig"; path = "Target Support Files/Pods-Hancock/Pods-Hancock.debug.xcconfig"; sourceTree = "<group>"; };
		C939B55D229F302500D15A2B /* SignInViewController.swift */ = {isa = PBXFileReference; lastKnownFileType = sourcecode.swift; name = SignInViewController.swift; path = Authentication/SignInViewController.swift; sourceTree = SOURCE_ROOT; };
		C939B55F229F305900D15A2B /* RegisterViewController.swift */ = {isa = PBXFileReference; lastKnownFileType = sourcecode.swift; path = RegisterViewController.swift; sourceTree = "<group>"; };
		C99A9BE022A058A700554D9A /* HomeViewController.swift */ = {isa = PBXFileReference; lastKnownFileType = sourcecode.swift; path = HomeViewController.swift; sourceTree = "<group>"; };
		C99A9BE222A06C0700554D9A /* InitViewController.swift */ = {isa = PBXFileReference; lastKnownFileType = sourcecode.swift; path = InitViewController.swift; sourceTree = "<group>"; };
/* End PBXFileReference section */

/* Begin PBXFrameworksBuildPhase section */
		A0A028B5227CA9F500A7C787 /* Frameworks */ = {
			isa = PBXFrameworksBuildPhase;
			buildActionMask = 2147483647;
			files = (
			);
			runOnlyForDeploymentPostprocessing = 0;
		};
/* End PBXFrameworksBuildPhase section */

/* Begin PBXGroup section */
		30E36502D6E34303400F401B /* Frameworks */ = {
			isa = PBXGroup;
			children = (
				1A3E28B5AE1CAA606C394F4B /* Pods_Hancock.framework */,
			);
			name = Frameworks;
			sourceTree = "<group>";
		};
		51A772FE7B4152192F747E3F /* Pods */ = {
			isa = PBXGroup;
			children = (
				B44EF93E8A528B6F2D413511 /* Pods-Hancock.debug.xcconfig */,
				7F29B875A1DB16B48327DFAC /* Pods-Hancock.release.xcconfig */,
			);
			path = Pods;
			sourceTree = "<group>";
		};
		A0A028AF227CA9F500A7C787 = {
			isa = PBXGroup;
			children = (
				C939B55A229EF96200D15A2B /* Authentication */,
				A0A028BA227CA9F500A7C787 /* Hancock */,
				A0A028B9227CA9F500A7C787 /* Products */,
				51A772FE7B4152192F747E3F /* Pods */,
				30E36502D6E34303400F401B /* Frameworks */,
			);
			sourceTree = "<group>";
		};
		A0A028B9227CA9F500A7C787 /* Products */ = {
			isa = PBXGroup;
			children = (
				A0A028B8227CA9F500A7C787 /* ABC Go AR.app */,
			);
			name = Products;
			sourceTree = "<group>";
		};
		A0A028BA227CA9F500A7C787 /* Hancock */ = {
			isa = PBXGroup;
			children = (
				A7CBF4F324E4DD950066988F /* LetterGifs */,
				A0E86BE122C08F150009A214 /* Loading.gif */,
				A08A2D5222C02AA30076B814 /* Grass-Blowing.gif */,
				A08A2D4822BEDEA20076B814 /* BookAnimation.gif */,
				A0A028BB227CA9F500A7C787 /* AppDelegate.swift */,
				A0A028BD227CA9F500A7C787 /* art.scnassets */,
				A0A028C4227CA9F600A7C787 /* Assets.xcassets */,
				A02AB3362476ED5500AEC16A /* AppIcon.appiconset */,
				A0A028BF227CA9F500A7C787 /* ViewController.swift */,
				A02BCC3A22A86EA70059E3D8 /* activityViewController.swift */,
				A08A2D4422BED3A40076B814 /* ChapterViewController.swift */,
				A004383722CBEEE700E32F21 /* ChapterSelection.swift */,
				3400A23622D543AC00B3EA3A /* ActivitySelection.swift */,
				A0E9B7B523EBA70200929F4A /* PlayWalk.swift */,
				A0E9B7B723EBAAA600929F4A /* StopWalk.swift */,
				A0E9B7B923EBAAE500929F4A /* LetterComplete.swift */,
				C99A9BE022A058A700554D9A /* HomeViewController.swift */,
				C99A9BE222A06C0700554D9A /* InitViewController.swift */,
				A78A6C5224A0F7E200F32D3D /* LevelTwoMenuViewController.swift */,
				A7E62788249AAC560031126F /* LevelTwoActivityViewController.swift */,
				A713540524ACC7CE00E6D656 /* FreeWriteViewController.swift */,
				A07974B222861DB000606889 /* StudentTableViewController.swift */,
				A07974B02285FC4A00606889 /* StudentsTableViewCell.swift */,
				34DC042422B2DA36001C70DB /* ReticleView.swift */,
				34DC042322B2DA35001C70DB /* CanvasView.swift */,
				3446B59422B8201600C785BE /* Formatters.swift */,
				A08A2D4022BEC4990076B814 /* Swift_Gif.swift */,
				A00E7B5922CA8D25009BA733 /* UIViewExtension.swift */,
				A0A028C7227CA9F600A7C787 /* LaunchScreen.storyboard */,
				A0A028C9227CA9F600A7C787 /* Info.plist */,
				A7ACFFF424E70B3B004F1E87 /* Main.storyboard */,
				A023DF8D24C12E0000306A44 /* LetterMatchingPGQViewController.swift */,
				A023DF8B24C1249200306A44 /* LetterMatchingDBViewController.swift */,
				A0DEC69B24BCBD15008A38F1 /* letterMatchingMenuViewController.swift */,
				A00678EB22AEEB5B00846A2D /* line.swift */,
				A044CA60249AB9D300F79181 /* LetterMatchingViewController.swift */,
				A08A2D3E22BEA2C50076B814 /* LaunchScreen.storyboard */,
			);
			path = Hancock;
			sourceTree = "<group>";
		};
		A7CBF4F324E4DD950066988F /* LetterGifs */ = {
			isa = PBXGroup;
			children = (
				A7ACFFD724E5CAB1004F1E87 /* aLower.gif */,
				A7ACFFD424E5CAAF004F1E87 /* bLower.gif */,
				A7ACFFC724E5CAA4004F1E87 /* cLower.gif */,
				A7ACFFC424E5CAA2004F1E87 /* dLower.gif */,
				A7ACFFC224E5CAA1004F1E87 /* eLower.gif */,
				A7ACFFC924E5CAA6004F1E87 /* fLower.gif */,
				A7ACFFC824E5CAA5004F1E87 /* gLower.gif */,
				A7ACFFCB24E5CAA7004F1E87 /* hLower.gif */,
				A7ACFFD324E5CAAE004F1E87 /* iLower.gif */,
				A7ACFFC524E5CAA3004F1E87 /* jLower.gif */,
				A7ACFFCC24E5CAA8004F1E87 /* kLower.gif */,
				A7ACFFC124E5CAA0004F1E87 /* lLower.gif */,
				A7ACFFC324E5CAA1004F1E87 /* mLower.gif */,
				A7ACFFD924E5CAB3004F1E87 /* nLower.gif */,
				A7ACFFCD24E5CAA9004F1E87 /* oLower.gif */,
				A7ACFFD124E5CAAC004F1E87 /* pLower.gif */,
				A7ACFFC624E5CAA3004F1E87 /* qLower.gif */,
				A7ACFFC024E5CA9F004F1E87 /* rLower.gif */,
				A7ACFFCA24E5CAA6004F1E87 /* sLower.gif */,
				A7ACFFCF24E5CAAB004F1E87 /* tLower.gif */,
				A7ACFFD024E5CAAB004F1E87 /* uLower.gif */,
				A7ACFFCE24E5CAAA004F1E87 /* vLower.gif */,
				A7ACFFD224E5CAAD004F1E87 /* wLower.gif */,
				A7ACFFD524E5CAB0004F1E87 /* xLower.gif */,
				A7ACFFD624E5CAB1004F1E87 /* yLower.gif */,
				A7ACFFD824E5CAB2004F1E87 /* zLower.gif */,
				A7CBF50824E593C40066988F /* A.gif */,
				A7CBF50A24E593D30066988F /* B.gif */,
				A7CBF50424E5939B0066988F /* C.gif */,
				A7CBF50924E593CA0066988F /* D.gif */,
				A7CBF50124E593630066988F /* E.gif */,
				A7CBF50224E593690066988F /* F.gif */,
				A7CBF50D24E593FA0066988F /* G.gif */,
				A7CBF50524E593A20066988F /* H.gif */,
				A7CBF50024E5935C0066988F /* I.gif */,
				A7CBF4FB24E593070066988F /* J.gif */,
				A7CBF4F724E592E00066988F /* K.gif */,
				A7CBF4FD24E5931C0066988F /* L.gif */,
				A7CBF4F624E592CD0066988F /* M.gif */,
				A7CBF50324E593840066988F /* N.gif */,
				A7CBF4FE24E593230066988F /* O.gif */,
				A7CBF4FA24E593000066988F /* P.gif */,
				A7CBF4F924E592F70066988F /* Q.gif */,
				A7CBF4F824E592F10066988F /* R.gif */,
				A7CBF50B24E593ED0066988F /* S.gif */,
				A7CBF50F24E594150066988F /* T.gif */,
				A7CBF50C24E593F40066988F /* U.gif */,
				A72C3B8724E5984F001BAE9D /* V.gif */,
				A7CBF50E24E594040066988F /* W.gif */,
				A7CBF50624E593A80066988F /* X.gif */,
				A7CBF4FF24E5934B0066988F /* Y.gif */,
				A7CBF50724E593B20066988F /* Z.gif */,
			);
			path = LetterGifs;
			sourceTree = "<group>";
		};
		C939B55A229EF96200D15A2B /* Authentication */ = {
			isa = PBXGroup;
			children = (
				A08A2D5322C02AA40076B814 /* Anthony-Chillaxing.gif */,
				C939B55D229F302500D15A2B /* SignInViewController.swift */,
				C939B55F229F305900D15A2B /* RegisterViewController.swift */,
			);
			path = Authentication;
			sourceTree = "<group>";
		};
/* End PBXGroup section */

/* Begin PBXNativeTarget section */
		A0A028B7227CA9F500A7C787 /* Hancock */ = {
			isa = PBXNativeTarget;
			buildConfigurationList = A0A028CC227CA9F600A7C787 /* Build configuration list for PBXNativeTarget "Hancock" */;
			buildPhases = (
				95C3917065D3EFBE5D9E63B3 /* [CP] Check Pods Manifest.lock */,
				A0A028B4227CA9F500A7C787 /* Sources */,
				A0A028B5227CA9F500A7C787 /* Frameworks */,
				A0A028B6227CA9F500A7C787 /* Resources */,
			);
			buildRules = (
			);
			dependencies = (
			);
			name = Hancock;
			productName = Hancock;
			productReference = A0A028B8227CA9F500A7C787 /* ABC Go AR.app */;
			productType = "com.apple.product-type.application";
		};
/* End PBXNativeTarget section */

/* Begin PBXProject section */
		A0A028B0227CA9F500A7C787 /* Project object */ = {
			isa = PBXProject;
			attributes = {
				KnownAssetTags = (
					New,
				);
				LastSwiftUpdateCheck = 1020;
				LastUpgradeCheck = 1020;
				ORGANIZATIONNAME = "Chris Ross";
				TargetAttributes = {
					A0A028B7227CA9F500A7C787 = {
						CreatedOnToolsVersion = 10.2;
						LastSwiftMigration = 1020;
					};
				};
			};
			buildConfigurationList = A0A028B3227CA9F500A7C787 /* Build configuration list for PBXProject "Hancock" */;
			compatibilityVersion = "Xcode 9.3";
			developmentRegion = en;
			hasScannedForEncodings = 0;
			knownRegions = (
				en,
				Base,
			);
			mainGroup = A0A028AF227CA9F500A7C787;
			productRefGroup = A0A028B9227CA9F500A7C787 /* Products */;
			projectDirPath = "";
			projectRoot = "";
			targets = (
				A0A028B7227CA9F500A7C787 /* Hancock */,
			);
		};
/* End PBXProject section */

/* Begin PBXResourcesBuildPhase section */
		A0A028B6227CA9F500A7C787 /* Resources */ = {
			isa = PBXResourcesBuildPhase;
			buildActionMask = 2147483647;
			files = (
				A7CBF52624E594150066988F /* U.gif in Resources */,
				A7CBF51B24E594150066988F /* E.gif in Resources */,
				A7CBF52724E594150066988F /* G.gif in Resources */,
				A72C3B8824E5984F001BAE9D /* V.gif in Resources */,
				A7ACFFDD24E5CAB3004F1E87 /* mLower.gif in Resources */,
				A7ACFFDA24E5CAB3004F1E87 /* rLower.gif in Resources */,
				A7CBF51124E594150066988F /* K.gif in Resources */,
				A7CBF51024E594150066988F /* M.gif in Resources */,
				A7ACFFDB24E5CAB3004F1E87 /* lLower.gif in Resources */,
				A7ACFFDE24E5CAB3004F1E87 /* dLower.gif in Resources */,
				A7ACFFE424E5CAB3004F1E87 /* sLower.gif in Resources */,
				A7CBF51324E594150066988F /* Q.gif in Resources */,
				A7CBF51524E594150066988F /* J.gif in Resources */,
				A7ACFFF324E5CAB3004F1E87 /* nLower.gif in Resources */,
				A0A028BE227CA9F500A7C787 /* art.scnassets in Resources */,
				A7CBF52924E594150066988F /* T.gif in Resources */,
				A7CBF51E24E594150066988F /* C.gif in Resources */,
				A7CBF51A24E594150066988F /* I.gif in Resources */,
				A7CBF51824E594150066988F /* O.gif in Resources */,
				A08A2D4922BEDEA20076B814 /* BookAnimation.gif in Resources */,
				A7ACFFE124E5CAB3004F1E87 /* cLower.gif in Resources */,
				A0E86BE222C08F150009A214 /* Loading.gif in Resources */,
				A7CBF51424E594150066988F /* P.gif in Resources */,
				A7ACFFE024E5CAB3004F1E87 /* qLower.gif in Resources */,
				A7CBF51C24E594150066988F /* F.gif in Resources */,
				A7CBF52224E594150066988F /* A.gif in Resources */,
				A7CBF52324E594150066988F /* D.gif in Resources */,
				A7ACFFE324E5CAB3004F1E87 /* fLower.gif in Resources */,
				A7ACFFEC24E5CAB3004F1E87 /* wLower.gif in Resources */,
				A7ACFFF524E70B3B004F1E87 /* Main.storyboard in Resources */,
				A7ACFFE624E5CAB3004F1E87 /* kLower.gif in Resources */,
				A051592623957A070026485B /* LaunchScreen.storyboard in Resources */,
				A7CBF52124E594150066988F /* Z.gif in Resources */,
				A7CBF52024E594150066988F /* X.gif in Resources */,
				A08A2D5522C02AA40076B814 /* Anthony-Chillaxing.gif in Resources */,
				A7ACFFDF24E5CAB3004F1E87 /* jLower.gif in Resources */,
				A7CBF51D24E594150066988F /* N.gif in Resources */,
				A7ACFFEF24E5CAB3004F1E87 /* xLower.gif in Resources */,
				A7ACFFE224E5CAB3004F1E87 /* gLower.gif in Resources */,
				A7ACFFEB24E5CAB3004F1E87 /* pLower.gif in Resources */,
				A7ACFFE924E5CAB3004F1E87 /* tLower.gif in Resources */,
				A7ACFFDC24E5CAB3004F1E87 /* eLower.gif in Resources */,
				A08A2D3F22BEA2C60076B814 /* LaunchScreen.storyboard in Resources */,
				A7CBF51224E594150066988F /* R.gif in Resources */,
				A7CBF51F24E594150066988F /* H.gif in Resources */,
				A7ACFFE824E5CAB3004F1E87 /* vLower.gif in Resources */,
				A08A2D5422C02AA40076B814 /* Grass-Blowing.gif in Resources */,
				A7ACFFF024E5CAB3004F1E87 /* yLower.gif in Resources */,
				A7CBF52824E594150066988F /* W.gif in Resources */,
				A0A028C5227CA9F600A7C787 /* Assets.xcassets in Resources */,
				A7ACFFF124E5CAB3004F1E87 /* aLower.gif in Resources */,
				A7ACFFF224E5CAB3004F1E87 /* zLower.gif in Resources */,
				A7ACFFEA24E5CAB3004F1E87 /* uLower.gif in Resources */,
				A7CBF51724E594150066988F /* L.gif in Resources */,
				A7ACFFED24E5CAB3004F1E87 /* iLower.gif in Resources */,
				A02AB3372476ED5500AEC16A /* AppIcon.appiconset in Resources */,
				A7ACFFE724E5CAB3004F1E87 /* oLower.gif in Resources */,
				A7CBF52524E594150066988F /* S.gif in Resources */,
				A7CBF52424E594150066988F /* B.gif in Resources */,
				A7CBF51924E594150066988F /* Y.gif in Resources */,
				A7ACFFEE24E5CAB3004F1E87 /* bLower.gif in Resources */,
				A7ACFFE524E5CAB3004F1E87 /* hLower.gif in Resources */,
			);
			runOnlyForDeploymentPostprocessing = 0;
		};
/* End PBXResourcesBuildPhase section */

/* Begin PBXShellScriptBuildPhase section */
		95C3917065D3EFBE5D9E63B3 /* [CP] Check Pods Manifest.lock */ = {
			isa = PBXShellScriptBuildPhase;
			buildActionMask = 2147483647;
			files = (
			);
			inputFileListPaths = (
			);
			inputPaths = (
				"${PODS_PODFILE_DIR_PATH}/Podfile.lock",
				"${PODS_ROOT}/Manifest.lock",
			);
			name = "[CP] Check Pods Manifest.lock";
			outputFileListPaths = (
			);
			outputPaths = (
				"$(DERIVED_FILE_DIR)/Pods-Hancock-checkManifestLockResult.txt",
			);
			runOnlyForDeploymentPostprocessing = 0;
			shellPath = /bin/sh;
			shellScript = "diff \"${PODS_PODFILE_DIR_PATH}/Podfile.lock\" \"${PODS_ROOT}/Manifest.lock\" > /dev/null\nif [ $? != 0 ] ; then\n    # print error to STDERR\n    echo \"error: The sandbox is not in sync with the Podfile.lock. Run 'pod install' or update your CocoaPods installation.\" >&2\n    exit 1\nfi\n# This output is used by Xcode 'outputs' to avoid re-running this script phase.\necho \"SUCCESS\" > \"${SCRIPT_OUTPUT_FILE_0}\"\n";
			showEnvVarsInLog = 0;
		};
/* End PBXShellScriptBuildPhase section */

/* Begin PBXSourcesBuildPhase section */
		A0A028B4227CA9F500A7C787 /* Sources */ = {
			isa = PBXSourcesBuildPhase;
			buildActionMask = 2147483647;
			files = (
				A0E9B7B623EBA70200929F4A /* PlayWalk.swift in Sources */,
				34DC042622B2DA36001C70DB /* ReticleView.swift in Sources */,
				A0A028C0227CA9F500A7C787 /* ViewController.swift in Sources */,
				34DC042522B2DA36001C70DB /* CanvasView.swift in Sources */,
				A713540624ACC7CE00E6D656 /* FreeWriteViewController.swift in Sources */,
				A0A028BC227CA9F500A7C787 /* AppDelegate.swift in Sources */,
				A0DEC69C24BCBD15008A38F1 /* letterMatchingMenuViewController.swift in Sources */,
				C939B560229F305900D15A2B /* RegisterViewController.swift in Sources */,
				A044CA61249AB9D300F79181 /* LetterMatchingViewController.swift in Sources */,
				A0E9B7B823EBAAA600929F4A /* StopWalk.swift in Sources */,
				3400A23722D543AD00B3EA3A /* ActivitySelection.swift in Sources */,
				3446B59522B8201600C785BE /* Formatters.swift in Sources */,
				A00E7B5A22CA8D25009BA733 /* UIViewExtension.swift in Sources */,
				A004383822CBEEE700E32F21 /* ChapterSelection.swift in Sources */,
				C99A9BE122A058A700554D9A /* HomeViewController.swift in Sources */,
				C939B55E229F302500D15A2B /* SignInViewController.swift in Sources */,
				A00678EC22AEEB5B00846A2D /* line.swift in Sources */,
				A78A6C5324A0F7E200F32D3D /* LevelTwoMenuViewController.swift in Sources */,
				C99A9BE322A06C0700554D9A /* InitViewController.swift in Sources */,
				A07974B322861DB000606889 /* StudentTableViewController.swift in Sources */,
				A08A2D4522BED3A40076B814 /* ChapterViewController.swift in Sources */,
				A023DF8E24C12E0000306A44 /* LetterMatchingPGQViewController.swift in Sources */,
				A02BCC3B22A86EA70059E3D8 /* activityViewController.swift in Sources */,
				A7E62789249AAC560031126F /* LevelTwoActivityViewController.swift in Sources */,
				A07974B12285FC4A00606889 /* StudentsTableViewCell.swift in Sources */,
				A08A2D4122BEC4990076B814 /* Swift_Gif.swift in Sources */,
				A0E9B7BA23EBAAE500929F4A /* LetterComplete.swift in Sources */,
				A023DF8C24C1249200306A44 /* LetterMatchingDBViewController.swift in Sources */,
			);
			runOnlyForDeploymentPostprocessing = 0;
		};
/* End PBXSourcesBuildPhase section */

/* Begin XCBuildConfiguration section */
		A0A028CA227CA9F600A7C787 /* Debug */ = {
			isa = XCBuildConfiguration;
			buildSettings = {
				ALWAYS_SEARCH_USER_PATHS = NO;
				CLANG_ANALYZER_NONNULL = YES;
				CLANG_ANALYZER_NUMBER_OBJECT_CONVERSION = YES_AGGRESSIVE;
				CLANG_CXX_LANGUAGE_STANDARD = "gnu++14";
				CLANG_CXX_LIBRARY = "libc++";
				CLANG_ENABLE_MODULES = YES;
				CLANG_ENABLE_OBJC_ARC = YES;
				CLANG_ENABLE_OBJC_WEAK = YES;
				CLANG_WARN_BLOCK_CAPTURE_AUTORELEASING = YES;
				CLANG_WARN_BOOL_CONVERSION = YES;
				CLANG_WARN_COMMA = YES;
				CLANG_WARN_CONSTANT_CONVERSION = YES;
				CLANG_WARN_DEPRECATED_OBJC_IMPLEMENTATIONS = YES;
				CLANG_WARN_DIRECT_OBJC_ISA_USAGE = YES_ERROR;
				CLANG_WARN_DOCUMENTATION_COMMENTS = YES;
				CLANG_WARN_EMPTY_BODY = YES;
				CLANG_WARN_ENUM_CONVERSION = YES;
				CLANG_WARN_INFINITE_RECURSION = YES;
				CLANG_WARN_INT_CONVERSION = YES;
				CLANG_WARN_NON_LITERAL_NULL_CONVERSION = YES;
				CLANG_WARN_OBJC_IMPLICIT_RETAIN_SELF = YES;
				CLANG_WARN_OBJC_LITERAL_CONVERSION = YES;
				CLANG_WARN_OBJC_ROOT_CLASS = YES_ERROR;
				CLANG_WARN_RANGE_LOOP_ANALYSIS = YES;
				CLANG_WARN_STRICT_PROTOTYPES = YES;
				CLANG_WARN_SUSPICIOUS_MOVE = YES;
				CLANG_WARN_UNGUARDED_AVAILABILITY = YES_AGGRESSIVE;
				CLANG_WARN_UNREACHABLE_CODE = YES;
				CLANG_WARN__DUPLICATE_METHOD_MATCH = YES;
				CODE_SIGN_IDENTITY = "iPhone Developer";
				COPY_PHASE_STRIP = NO;
				DEBUG_INFORMATION_FORMAT = dwarf;
				ENABLE_STRICT_OBJC_MSGSEND = YES;
				ENABLE_TESTABILITY = YES;
				GCC_C_LANGUAGE_STANDARD = gnu11;
				GCC_DYNAMIC_NO_PIC = NO;
				GCC_NO_COMMON_BLOCKS = YES;
				GCC_OPTIMIZATION_LEVEL = 0;
				GCC_PREPROCESSOR_DEFINITIONS = (
					"DEBUG=1",
					"$(inherited)",
				);
				GCC_WARN_64_TO_32_BIT_CONVERSION = YES;
				GCC_WARN_ABOUT_RETURN_TYPE = YES_ERROR;
				GCC_WARN_UNDECLARED_SELECTOR = YES;
				GCC_WARN_UNINITIALIZED_AUTOS = YES_AGGRESSIVE;
				GCC_WARN_UNUSED_FUNCTION = YES;
				GCC_WARN_UNUSED_VARIABLE = YES;
				IPHONEOS_DEPLOYMENT_TARGET = 12.2;
				MTL_ENABLE_DEBUG_INFO = INCLUDE_SOURCE;
				MTL_FAST_MATH = YES;
				ONLY_ACTIVE_ARCH = YES;
				SDKROOT = iphoneos;
				SWIFT_ACTIVE_COMPILATION_CONDITIONS = DEBUG;
				SWIFT_OPTIMIZATION_LEVEL = "-Onone";
			};
			name = Debug;
		};
		A0A028CB227CA9F600A7C787 /* Release */ = {
			isa = XCBuildConfiguration;
			buildSettings = {
				ALWAYS_SEARCH_USER_PATHS = NO;
				CLANG_ANALYZER_NONNULL = YES;
				CLANG_ANALYZER_NUMBER_OBJECT_CONVERSION = YES_AGGRESSIVE;
				CLANG_CXX_LANGUAGE_STANDARD = "gnu++14";
				CLANG_CXX_LIBRARY = "libc++";
				CLANG_ENABLE_MODULES = YES;
				CLANG_ENABLE_OBJC_ARC = YES;
				CLANG_ENABLE_OBJC_WEAK = YES;
				CLANG_WARN_BLOCK_CAPTURE_AUTORELEASING = YES;
				CLANG_WARN_BOOL_CONVERSION = YES;
				CLANG_WARN_COMMA = YES;
				CLANG_WARN_CONSTANT_CONVERSION = YES;
				CLANG_WARN_DEPRECATED_OBJC_IMPLEMENTATIONS = YES;
				CLANG_WARN_DIRECT_OBJC_ISA_USAGE = YES_ERROR;
				CLANG_WARN_DOCUMENTATION_COMMENTS = YES;
				CLANG_WARN_EMPTY_BODY = YES;
				CLANG_WARN_ENUM_CONVERSION = YES;
				CLANG_WARN_INFINITE_RECURSION = YES;
				CLANG_WARN_INT_CONVERSION = YES;
				CLANG_WARN_NON_LITERAL_NULL_CONVERSION = YES;
				CLANG_WARN_OBJC_IMPLICIT_RETAIN_SELF = YES;
				CLANG_WARN_OBJC_LITERAL_CONVERSION = YES;
				CLANG_WARN_OBJC_ROOT_CLASS = YES_ERROR;
				CLANG_WARN_RANGE_LOOP_ANALYSIS = YES;
				CLANG_WARN_STRICT_PROTOTYPES = YES;
				CLANG_WARN_SUSPICIOUS_MOVE = YES;
				CLANG_WARN_UNGUARDED_AVAILABILITY = YES_AGGRESSIVE;
				CLANG_WARN_UNREACHABLE_CODE = YES;
				CLANG_WARN__DUPLICATE_METHOD_MATCH = YES;
				CODE_SIGN_IDENTITY = "iPhone Developer";
				COPY_PHASE_STRIP = NO;
				DEBUG_INFORMATION_FORMAT = "dwarf-with-dsym";
				ENABLE_NS_ASSERTIONS = NO;
				ENABLE_STRICT_OBJC_MSGSEND = YES;
				GCC_C_LANGUAGE_STANDARD = gnu11;
				GCC_NO_COMMON_BLOCKS = YES;
				GCC_WARN_64_TO_32_BIT_CONVERSION = YES;
				GCC_WARN_ABOUT_RETURN_TYPE = YES_ERROR;
				GCC_WARN_UNDECLARED_SELECTOR = YES;
				GCC_WARN_UNINITIALIZED_AUTOS = YES_AGGRESSIVE;
				GCC_WARN_UNUSED_FUNCTION = YES;
				GCC_WARN_UNUSED_VARIABLE = YES;
				IPHONEOS_DEPLOYMENT_TARGET = 12.2;
				MTL_ENABLE_DEBUG_INFO = NO;
				MTL_FAST_MATH = YES;
				SDKROOT = iphoneos;
				SWIFT_COMPILATION_MODE = wholemodule;
				SWIFT_OPTIMIZATION_LEVEL = "-O";
				VALIDATE_PRODUCT = YES;
			};
			name = Release;
		};
		A0A028CD227CA9F600A7C787 /* Debug */ = {
			isa = XCBuildConfiguration;
			baseConfigurationReference = B44EF93E8A528B6F2D413511 /* Pods-Hancock.debug.xcconfig */;
			buildSettings = {
				ASSETCATALOG_COMPILER_APPICON_NAME = "AppIcon-1";
				CLANG_ENABLE_MODULES = YES;
				CODE_SIGN_IDENTITY = "iPhone Developer";
				CODE_SIGN_STYLE = Automatic;
				CURRENT_PROJECT_VERSION = 3;
				DEVELOPMENT_TEAM = RX5X2KDAVM;
				INFOPLIST_FILE = Hancock/Info.plist;
				IPHONEOS_DEPLOYMENT_TARGET = 12.1;
				LD_RUNPATH_SEARCH_PATHS = (
					"$(inherited)",
					"@executable_path/Frameworks",
				);
				MARKETING_VERSION = 11;
				PRODUCT_BUNDLE_IDENTIFIER = edu.boisestate.abcgoar;
				PRODUCT_NAME = "ABC Go AR";
				PROVISIONING_PROFILE_SPECIFIER = "";
				SWIFT_OPTIMIZATION_LEVEL = "-Onone";
				SWIFT_VERSION = 5.0;
				TARGETED_DEVICE_FAMILY = "1,2";
			};
			name = Debug;
		};
		A0A028CE227CA9F600A7C787 /* Release */ = {
			isa = XCBuildConfiguration;
			baseConfigurationReference = 7F29B875A1DB16B48327DFAC /* Pods-Hancock.release.xcconfig */;
			buildSettings = {
				ASSETCATALOG_COMPILER_APPICON_NAME = "AppIcon-1";
				CLANG_ENABLE_MODULES = YES;
				CODE_SIGN_IDENTITY = "iPhone Developer";
				CODE_SIGN_STYLE = Automatic;
				CURRENT_PROJECT_VERSION = 3;
				DEVELOPMENT_TEAM = RX5X2KDAVM;
				INFOPLIST_FILE = Hancock/Info.plist;
				IPHONEOS_DEPLOYMENT_TARGET = 12.1;
				LD_RUNPATH_SEARCH_PATHS = (
					"$(inherited)",
					"@executable_path/Frameworks",
				);
				MARKETING_VERSION = 11;
				PRODUCT_BUNDLE_IDENTIFIER = edu.boisestate.abcgoar;
				PRODUCT_NAME = "ABC Go AR";
				PROVISIONING_PROFILE_SPECIFIER = "";
				SWIFT_VERSION = 5.0;
				TARGETED_DEVICE_FAMILY = "1,2";
			};
			name = Release;
		};
/* End XCBuildConfiguration section */

/* Begin XCConfigurationList section */
		A0A028B3227CA9F500A7C787 /* Build configuration list for PBXProject "Hancock" */ = {
			isa = XCConfigurationList;
			buildConfigurations = (
				A0A028CA227CA9F600A7C787 /* Debug */,
				A0A028CB227CA9F600A7C787 /* Release */,
			);
			defaultConfigurationIsVisible = 0;
			defaultConfigurationName = Release;
		};
		A0A028CC227CA9F600A7C787 /* Build configuration list for PBXNativeTarget "Hancock" */ = {
			isa = XCConfigurationList;
			buildConfigurations = (
				A0A028CD227CA9F600A7C787 /* Debug */,
				A0A028CE227CA9F600A7C787 /* Release */,
			);
			defaultConfigurationIsVisible = 0;
			defaultConfigurationName = Release;
		};
/* End XCConfigurationList section */
	};
	rootObject = A0A028B0227CA9F500A7C787 /* Project object */;
}
